// !$*UTF8*$!
{
	archiveVersion = 1;
	classes = {
	};
	objectVersion = 46;
	objects = {

/* Begin PBXBuildFile section */
		1D426D31DE0E46E59F50DDC7 /* libPods.a in Frameworks */ = {isa = PBXBuildFile; fileRef = C342DAE7F9404DE4B305DC50 /* libPods.a */; };
		71018AA3192960C000660C17 /* ADNewReminderViewController.m in Sources */ = {isa = PBXBuildFile; fileRef = 71018AA2192960C000660C17 /* ADNewReminderViewController.m */; };
		71018AA9192966E800660C17 /* ADModel.m in Sources */ = {isa = PBXBuildFile; fileRef = 71018AA8192966E800660C17 /* ADModel.m */; };
		71018AAE1929683500660C17 /* NSEntityDescription+ADToolkitAdditions.m in Sources */ = {isa = PBXBuildFile; fileRef = 71018AAD1929683500660C17 /* NSEntityDescription+ADToolkitAdditions.m */; };
		711894B9193A6CDC0058A20B /* ADAppDelegate.m in Sources */ = {isa = PBXBuildFile; fileRef = 711894B8193A6CDC0058A20B /* ADAppDelegate.m */; };
		7130CD631942D69D009AF8D8 /* UIImage+ADToolkitAdditions.m in Sources */ = {isa = PBXBuildFile; fileRef = 7130CD621942D69D009AF8D8 /* UIImage+ADToolkitAdditions.m */; };
		7130CD6D1943724E009AF8D8 /* ADStyleSheet.m in Sources */ = {isa = PBXBuildFile; fileRef = 7130CD6C1943724E009AF8D8 /* ADStyleSheet.m */; };
		7130CD701943B0AF009AF8D8 /* ADReminderCell.m in Sources */ = {isa = PBXBuildFile; fileRef = 7130CD6F1943B0AF009AF8D8 /* ADReminderCell.m */; };
		7130CD761944BEE0009AF8D8 /* ADBadgeIconCell.m in Sources */ = {isa = PBXBuildFile; fileRef = 7130CD751944BEE0009AF8D8 /* ADBadgeIconCell.m */; };
		714A50F9193D75820041905C /* ADLembrete+ADToolkitAdditions.m in Sources */ = {isa = PBXBuildFile; fileRef = 714A50F8193D75820041905C /* ADLembrete+ADToolkitAdditions.m */; };
		71507BD01947F21400884B46 /* ADLembrete.m in Sources */ = {isa = PBXBuildFile; fileRef = 71507BCF1947F21400884B46 /* ADLembrete.m */; };
		7174F86C193A779600DEB9D0 /* DismissingAnimator.m in Sources */ = {isa = PBXBuildFile; fileRef = 7174F869193A779600DEB9D0 /* DismissingAnimator.m */; };
		7174F86D193A779600DEB9D0 /* PresentingAnimator.m in Sources */ = {isa = PBXBuildFile; fileRef = 7174F86B193A779600DEB9D0 /* PresentingAnimator.m */; };
		71B96AF0194CBDEB0042023E /* ADRemindersViewModel.m in Sources */ = {isa = PBXBuildFile; fileRef = 71B96AEF194CBDEB0042023E /* ADRemindersViewModel.m */; };
		71B96AF3194D299C0042023E /* ADNewReminderViewModel.m in Sources */ = {isa = PBXBuildFile; fileRef = 71B96AF2194D299C0042023E /* ADNewReminderViewModel.m */; };
		71B96AF9194D3F1C0042023E /* ADBadgeImageView.m in Sources */ = {isa = PBXBuildFile; fileRef = 71B96AF8194D3F1C0042023E /* ADBadgeImageView.m */; };
		71D28B0219294F970047F291 /* Foundation.framework in Frameworks */ = {isa = PBXBuildFile; fileRef = 71D28B0119294F970047F291 /* Foundation.framework */; };
		71D28B0419294F970047F291 /* CoreGraphics.framework in Frameworks */ = {isa = PBXBuildFile; fileRef = 71D28B0319294F970047F291 /* CoreGraphics.framework */; };
		71D28B0619294F970047F291 /* UIKit.framework in Frameworks */ = {isa = PBXBuildFile; fileRef = 71D28B0519294F970047F291 /* UIKit.framework */; };
		71D28B0819294F970047F291 /* CoreData.framework in Frameworks */ = {isa = PBXBuildFile; fileRef = 71D28B0719294F970047F291 /* CoreData.framework */; };
		71D28B0E19294F970047F291 /* InfoPlist.strings in Resources */ = {isa = PBXBuildFile; fileRef = 71D28B0C19294F970047F291 /* InfoPlist.strings */; };
		71D28B1019294F970047F291 /* main.m in Sources */ = {isa = PBXBuildFile; fileRef = 71D28B0F19294F970047F291 /* main.m */; };
		71D28B1719294F970047F291 /* alldayDO.xcdatamodeld in Sources */ = {isa = PBXBuildFile; fileRef = 71D28B1519294F970047F291 /* alldayDO.xcdatamodeld */; };
		71D28B1919294F970047F291 /* Images.xcassets in Resources */ = {isa = PBXBuildFile; fileRef = 71D28B1819294F970047F291 /* Images.xcassets */; };
		71D28B2019294F970047F291 /* XCTest.framework in Frameworks */ = {isa = PBXBuildFile; fileRef = 71D28B1F19294F970047F291 /* XCTest.framework */; };
		71D28B2119294F980047F291 /* Foundation.framework in Frameworks */ = {isa = PBXBuildFile; fileRef = 71D28B0119294F970047F291 /* Foundation.framework */; };
		71D28B2219294F980047F291 /* UIKit.framework in Frameworks */ = {isa = PBXBuildFile; fileRef = 71D28B0519294F970047F291 /* UIKit.framework */; };
		71D28B2319294F980047F291 /* CoreData.framework in Frameworks */ = {isa = PBXBuildFile; fileRef = 71D28B0719294F970047F291 /* CoreData.framework */; };
		71D28B2B19294F980047F291 /* InfoPlist.strings in Resources */ = {isa = PBXBuildFile; fileRef = 71D28B2919294F980047F291 /* InfoPlist.strings */; };
		71D28B2D19294F980047F291 /* alldayDOTests.m in Sources */ = {isa = PBXBuildFile; fileRef = 71D28B2C19294F980047F291 /* alldayDOTests.m */; };
		71D28B3F192954BD0047F291 /* Storyboard.storyboard in Resources */ = {isa = PBXBuildFile; fileRef = 71D28B3E192954BD0047F291 /* Storyboard.storyboard */; };
		71E9325519401803007C96D4 /* ADRemindersCollectionViewController.m in Sources */ = {isa = PBXBuildFile; fileRef = 71E9325419401803007C96D4 /* ADRemindersCollectionViewController.m */; };
		71FC67DC19298F0F0073A5CD /* ADNotification.m in Sources */ = {isa = PBXBuildFile; fileRef = 71FC67DB19298F0F0073A5CD /* ADNotification.m */; };
		71FC67DF19299D250073A5CD /* UILocalNotification+ADToolkitAdditions.m in Sources */ = {isa = PBXBuildFile; fileRef = 71FC67DE19299D250073A5CD /* UILocalNotification+ADToolkitAdditions.m */; };
/* End PBXBuildFile section */

/* Begin PBXContainerItemProxy section */
		71D28B2419294F980047F291 /* PBXContainerItemProxy */ = {
			isa = PBXContainerItemProxy;
			containerPortal = 71D28AF619294F970047F291 /* Project object */;
			proxyType = 1;
			remoteGlobalIDString = 71D28AFD19294F970047F291;
			remoteInfo = alldayDO;
		};
/* End PBXContainerItemProxy section */

/* Begin PBXFileReference section */
		71018AA1192960C000660C17 /* ADNewReminderViewController.h */ = {isa = PBXFileReference; fileEncoding = 4; lastKnownFileType = sourcecode.c.h; path = ADNewReminderViewController.h; sourceTree = "<group>"; };
		71018AA2192960C000660C17 /* ADNewReminderViewController.m */ = {isa = PBXFileReference; fileEncoding = 4; lastKnownFileType = sourcecode.c.objc; path = ADNewReminderViewController.m; sourceTree = "<group>"; };
		71018AA7192966E800660C17 /* ADModel.h */ = {isa = PBXFileReference; fileEncoding = 4; lastKnownFileType = sourcecode.c.h; path = ADModel.h; sourceTree = "<group>"; };
		71018AA8192966E800660C17 /* ADModel.m */ = {isa = PBXFileReference; fileEncoding = 4; lastKnownFileType = sourcecode.c.objc; path = ADModel.m; sourceTree = "<group>"; };
		71018AAC1929683500660C17 /* NSEntityDescription+ADToolkitAdditions.h */ = {isa = PBXFileReference; fileEncoding = 4; lastKnownFileType = sourcecode.c.h; path = "NSEntityDescription+ADToolkitAdditions.h"; sourceTree = "<group>"; };
		71018AAD1929683500660C17 /* NSEntityDescription+ADToolkitAdditions.m */ = {isa = PBXFileReference; fileEncoding = 4; lastKnownFileType = sourcecode.c.objc; path = "NSEntityDescription+ADToolkitAdditions.m"; sourceTree = "<group>"; };
		711894B7193A6CDC0058A20B /* ADAppDelegate.h */ = {isa = PBXFileReference; fileEncoding = 4; lastKnownFileType = sourcecode.c.h; path = ADAppDelegate.h; sourceTree = "<group>"; };
		711894B8193A6CDC0058A20B /* ADAppDelegate.m */ = {isa = PBXFileReference; fileEncoding = 4; lastKnownFileType = sourcecode.c.objc; path = ADAppDelegate.m; sourceTree = "<group>"; };
		7130CD611942D69D009AF8D8 /* UIImage+ADToolkitAdditions.h */ = {isa = PBXFileReference; fileEncoding = 4; lastKnownFileType = sourcecode.c.h; path = "UIImage+ADToolkitAdditions.h"; sourceTree = "<group>"; };
		7130CD621942D69D009AF8D8 /* UIImage+ADToolkitAdditions.m */ = {isa = PBXFileReference; fileEncoding = 4; lastKnownFileType = sourcecode.c.objc; path = "UIImage+ADToolkitAdditions.m"; sourceTree = "<group>"; };
		7130CD67194369C6009AF8D8 /* PDToolkitAdditions.h */ = {isa = PBXFileReference; lastKnownFileType = sourcecode.c.h; path = PDToolkitAdditions.h; sourceTree = "<group>"; };
		7130CD6B1943724E009AF8D8 /* ADStyleSheet.h */ = {isa = PBXFileReference; fileEncoding = 4; lastKnownFileType = sourcecode.c.h; path = ADStyleSheet.h; sourceTree = "<group>"; };
		7130CD6C1943724E009AF8D8 /* ADStyleSheet.m */ = {isa = PBXFileReference; fileEncoding = 4; lastKnownFileType = sourcecode.c.objc; path = ADStyleSheet.m; sourceTree = "<group>"; };
		7130CD6E1943B0AF009AF8D8 /* ADReminderCell.h */ = {isa = PBXFileReference; fileEncoding = 4; lastKnownFileType = sourcecode.c.h; path = ADReminderCell.h; sourceTree = "<group>"; };
		7130CD6F1943B0AF009AF8D8 /* ADReminderCell.m */ = {isa = PBXFileReference; fileEncoding = 4; lastKnownFileType = sourcecode.c.objc; path = ADReminderCell.m; sourceTree = "<group>"; };
		7130CD741944BEE0009AF8D8 /* ADBadgeIconCell.h */ = {isa = PBXFileReference; fileEncoding = 4; lastKnownFileType = sourcecode.c.h; path = ADBadgeIconCell.h; sourceTree = "<group>"; };
		7130CD751944BEE0009AF8D8 /* ADBadgeIconCell.m */ = {isa = PBXFileReference; fileEncoding = 4; lastKnownFileType = sourcecode.c.objc; path = ADBadgeIconCell.m; sourceTree = "<group>"; };
		714A50F7193D75820041905C /* ADLembrete+ADToolkitAdditions.h */ = {isa = PBXFileReference; fileEncoding = 4; lastKnownFileType = sourcecode.c.h; path = "ADLembrete+ADToolkitAdditions.h"; sourceTree = "<group>"; };
		714A50F8193D75820041905C /* ADLembrete+ADToolkitAdditions.m */ = {isa = PBXFileReference; fileEncoding = 4; lastKnownFileType = sourcecode.c.objc; path = "ADLembrete+ADToolkitAdditions.m"; sourceTree = "<group>"; };
		71507BCE1947F21400884B46 /* ADLembrete.h */ = {isa = PBXFileReference; fileEncoding = 4; lastKnownFileType = sourcecode.c.h; path = ADLembrete.h; sourceTree = "<group>"; };
		71507BCF1947F21400884B46 /* ADLembrete.m */ = {isa = PBXFileReference; fileEncoding = 4; lastKnownFileType = sourcecode.c.objc; path = ADLembrete.m; sourceTree = "<group>"; };
		71507BD41947F50300884B46 /* ADNewReminderViewControllerDelegate.h */ = {isa = PBXFileReference; lastKnownFileType = sourcecode.c.h; path = ADNewReminderViewControllerDelegate.h; sourceTree = "<group>"; };
		7174F868193A779600DEB9D0 /* DismissingAnimator.h */ = {isa = PBXFileReference; fileEncoding = 4; lastKnownFileType = sourcecode.c.h; path = DismissingAnimator.h; sourceTree = "<group>"; };
		7174F869193A779600DEB9D0 /* DismissingAnimator.m */ = {isa = PBXFileReference; fileEncoding = 4; lastKnownFileType = sourcecode.c.objc; path = DismissingAnimator.m; sourceTree = "<group>"; };
		7174F86A193A779600DEB9D0 /* PresentingAnimator.h */ = {isa = PBXFileReference; fileEncoding = 4; lastKnownFileType = sourcecode.c.h; path = PresentingAnimator.h; sourceTree = "<group>"; };
		7174F86B193A779600DEB9D0 /* PresentingAnimator.m */ = {isa = PBXFileReference; fileEncoding = 4; lastKnownFileType = sourcecode.c.objc; path = PresentingAnimator.m; sourceTree = "<group>"; };
		71B96AEE194CBDEB0042023E /* ADRemindersViewModel.h */ = {isa = PBXFileReference; fileEncoding = 4; lastKnownFileType = sourcecode.c.h; path = ADRemindersViewModel.h; sourceTree = "<group>"; };
		71B96AEF194CBDEB0042023E /* ADRemindersViewModel.m */ = {isa = PBXFileReference; fileEncoding = 4; lastKnownFileType = sourcecode.c.objc; path = ADRemindersViewModel.m; sourceTree = "<group>"; };
		71B96AF1194D299C0042023E /* ADNewReminderViewModel.h */ = {isa = PBXFileReference; fileEncoding = 4; lastKnownFileType = sourcecode.c.h; path = ADNewReminderViewModel.h; sourceTree = "<group>"; };
		71B96AF2194D299C0042023E /* ADNewReminderViewModel.m */ = {isa = PBXFileReference; fileEncoding = 4; lastKnownFileType = sourcecode.c.objc; path = ADNewReminderViewModel.m; sourceTree = "<group>"; };
		71B96AF7194D3F1C0042023E /* ADBadgeImageView.h */ = {isa = PBXFileReference; fileEncoding = 4; lastKnownFileType = sourcecode.c.h; path = ADBadgeImageView.h; sourceTree = "<group>"; };
		71B96AF8194D3F1C0042023E /* ADBadgeImageView.m */ = {isa = PBXFileReference; fileEncoding = 4; lastKnownFileType = sourcecode.c.objc; path = ADBadgeImageView.m; sourceTree = "<group>"; };
		71D28AFE19294F970047F291 /* alldayDO.app */ = {isa = PBXFileReference; explicitFileType = wrapper.application; includeInIndex = 0; path = alldayDO.app; sourceTree = BUILT_PRODUCTS_DIR; };
		71D28B0119294F970047F291 /* Foundation.framework */ = {isa = PBXFileReference; lastKnownFileType = wrapper.framework; name = Foundation.framework; path = System/Library/Frameworks/Foundation.framework; sourceTree = SDKROOT; };
		71D28B0319294F970047F291 /* CoreGraphics.framework */ = {isa = PBXFileReference; lastKnownFileType = wrapper.framework; name = CoreGraphics.framework; path = System/Library/Frameworks/CoreGraphics.framework; sourceTree = SDKROOT; };
		71D28B0519294F970047F291 /* UIKit.framework */ = {isa = PBXFileReference; lastKnownFileType = wrapper.framework; name = UIKit.framework; path = System/Library/Frameworks/UIKit.framework; sourceTree = SDKROOT; };
		71D28B0719294F970047F291 /* CoreData.framework */ = {isa = PBXFileReference; lastKnownFileType = wrapper.framework; name = CoreData.framework; path = System/Library/Frameworks/CoreData.framework; sourceTree = SDKROOT; };
		71D28B0B19294F970047F291 /* alldayDO-Info.plist */ = {isa = PBXFileReference; lastKnownFileType = text.plist.xml; path = "alldayDO-Info.plist"; sourceTree = "<group>"; };
		71D28B0D19294F970047F291 /* en */ = {isa = PBXFileReference; lastKnownFileType = text.plist.strings; name = en; path = en.lproj/InfoPlist.strings; sourceTree = "<group>"; };
		71D28B0F19294F970047F291 /* main.m */ = {isa = PBXFileReference; lastKnownFileType = sourcecode.c.objc; path = main.m; sourceTree = "<group>"; };
		71D28B1119294F970047F291 /* alldayDO-Prefix.pch */ = {isa = PBXFileReference; lastKnownFileType = sourcecode.c.h; path = "alldayDO-Prefix.pch"; sourceTree = "<group>"; };
		71D28B1619294F970047F291 /* alldayDO.xcdatamodel */ = {isa = PBXFileReference; lastKnownFileType = wrapper.xcdatamodel; path = alldayDO.xcdatamodel; sourceTree = "<group>"; };
		71D28B1819294F970047F291 /* Images.xcassets */ = {isa = PBXFileReference; lastKnownFileType = folder.assetcatalog; path = Images.xcassets; sourceTree = "<group>"; };
		71D28B1E19294F970047F291 /* alldayDOTests.xctest */ = {isa = PBXFileReference; explicitFileType = wrapper.cfbundle; includeInIndex = 0; path = alldayDOTests.xctest; sourceTree = BUILT_PRODUCTS_DIR; };
		71D28B1F19294F970047F291 /* XCTest.framework */ = {isa = PBXFileReference; lastKnownFileType = wrapper.framework; name = XCTest.framework; path = Library/Frameworks/XCTest.framework; sourceTree = DEVELOPER_DIR; };
		71D28B2819294F980047F291 /* alldayDOTests-Info.plist */ = {isa = PBXFileReference; lastKnownFileType = text.plist.xml; path = "alldayDOTests-Info.plist"; sourceTree = "<group>"; };
		71D28B2A19294F980047F291 /* en */ = {isa = PBXFileReference; lastKnownFileType = text.plist.strings; name = en; path = en.lproj/InfoPlist.strings; sourceTree = "<group>"; };
		71D28B2C19294F980047F291 /* alldayDOTests.m */ = {isa = PBXFileReference; lastKnownFileType = sourcecode.c.objc; path = alldayDOTests.m; sourceTree = "<group>"; };
		71D28B3E192954BD0047F291 /* Storyboard.storyboard */ = {isa = PBXFileReference; fileEncoding = 4; lastKnownFileType = file.storyboard; path = Storyboard.storyboard; sourceTree = "<group>"; };
		71E9325319401803007C96D4 /* ADRemindersCollectionViewController.h */ = {isa = PBXFileReference; fileEncoding = 4; lastKnownFileType = sourcecode.c.h; path = ADRemindersCollectionViewController.h; sourceTree = "<group>"; };
		71E9325419401803007C96D4 /* ADRemindersCollectionViewController.m */ = {isa = PBXFileReference; fileEncoding = 4; lastKnownFileType = sourcecode.c.objc; path = ADRemindersCollectionViewController.m; sourceTree = "<group>"; };
		71FC67DA19298F0F0073A5CD /* ADNotification.h */ = {isa = PBXFileReference; fileEncoding = 4; lastKnownFileType = sourcecode.c.h; path = ADNotification.h; sourceTree = "<group>"; };
		71FC67DB19298F0F0073A5CD /* ADNotification.m */ = {isa = PBXFileReference; fileEncoding = 4; lastKnownFileType = sourcecode.c.objc; path = ADNotification.m; sourceTree = "<group>"; };
		71FC67DD19299D250073A5CD /* UILocalNotification+ADToolkitAdditions.h */ = {isa = PBXFileReference; fileEncoding = 4; lastKnownFileType = sourcecode.c.h; path = "UILocalNotification+ADToolkitAdditions.h"; sourceTree = "<group>"; };
		71FC67DE19299D250073A5CD /* UILocalNotification+ADToolkitAdditions.m */ = {isa = PBXFileReference; fileEncoding = 4; lastKnownFileType = sourcecode.c.objc; path = "UILocalNotification+ADToolkitAdditions.m"; sourceTree = "<group>"; };
		C342DAE7F9404DE4B305DC50 /* libPods.a */ = {isa = PBXFileReference; explicitFileType = archive.ar; includeInIndex = 0; path = libPods.a; sourceTree = BUILT_PRODUCTS_DIR; };
		D84BECAC108E40A0AB264C7A /* Pods.xcconfig */ = {isa = PBXFileReference; includeInIndex = 1; lastKnownFileType = text.xcconfig; name = Pods.xcconfig; path = Pods/Pods.xcconfig; sourceTree = "<group>"; };
/* End PBXFileReference section */

/* Begin PBXFrameworksBuildPhase section */
		71D28AFB19294F970047F291 /* Frameworks */ = {
			isa = PBXFrameworksBuildPhase;
			buildActionMask = 2147483647;
			files = (
				71D28B0419294F970047F291 /* CoreGraphics.framework in Frameworks */,
				71D28B0819294F970047F291 /* CoreData.framework in Frameworks */,
				71D28B0619294F970047F291 /* UIKit.framework in Frameworks */,
				71D28B0219294F970047F291 /* Foundation.framework in Frameworks */,
				1D426D31DE0E46E59F50DDC7 /* libPods.a in Frameworks */,
			);
			runOnlyForDeploymentPostprocessing = 0;
		};
		71D28B1B19294F970047F291 /* Frameworks */ = {
			isa = PBXFrameworksBuildPhase;
			buildActionMask = 2147483647;
			files = (
				71D28B2019294F970047F291 /* XCTest.framework in Frameworks */,
				71D28B2319294F980047F291 /* CoreData.framework in Frameworks */,
				71D28B2219294F980047F291 /* UIKit.framework in Frameworks */,
				71D28B2119294F980047F291 /* Foundation.framework in Frameworks */,
			);
			runOnlyForDeploymentPostprocessing = 0;
		};
/* End PBXFrameworksBuildPhase section */

/* Begin PBXGroup section */
		71018AAA192967D500660C17 /* Support */ = {
			isa = PBXGroup;
			children = (
				71507BD11947F38100884B46 /* Delegate */,
				7174F867193A777D00DEB9D0 /* ViewAnimation */,
				71018AAB192967F300660C17 /* Category */,
			);
			name = Support;
			path = support;
			sourceTree = "<group>";
		};
		71018AAB192967F300660C17 /* Category */ = {
			isa = PBXGroup;
			children = (
				7130CD67194369C6009AF8D8 /* PDToolkitAdditions.h */,
				714A50F7193D75820041905C /* ADLembrete+ADToolkitAdditions.h */,
				714A50F8193D75820041905C /* ADLembrete+ADToolkitAdditions.m */,
				71018AAC1929683500660C17 /* NSEntityDescription+ADToolkitAdditions.h */,
				71018AAD1929683500660C17 /* NSEntityDescription+ADToolkitAdditions.m */,
				7130CD611942D69D009AF8D8 /* UIImage+ADToolkitAdditions.h */,
				7130CD621942D69D009AF8D8 /* UIImage+ADToolkitAdditions.m */,
				71FC67DD19299D250073A5CD /* UILocalNotification+ADToolkitAdditions.h */,
				71FC67DE19299D250073A5CD /* UILocalNotification+ADToolkitAdditions.m */,
			);
			name = Category;
			path = category;
			sourceTree = "<group>";
		};
		71507BD11947F38100884B46 /* Delegate */ = {
			isa = PBXGroup;
			children = (
				71507BD41947F50300884B46 /* ADNewReminderViewControllerDelegate.h */,
			);
			name = Delegate;
			path = delegate;
			sourceTree = "<group>";
		};
		7174F867193A777D00DEB9D0 /* ViewAnimation */ = {
			isa = PBXGroup;
			children = (
				7174F868193A779600DEB9D0 /* DismissingAnimator.h */,
				7174F869193A779600DEB9D0 /* DismissingAnimator.m */,
				7174F86A193A779600DEB9D0 /* PresentingAnimator.h */,
				7174F86B193A779600DEB9D0 /* PresentingAnimator.m */,
			);
			name = ViewAnimation;
			path = viewAnimation;
			sourceTree = "<group>";
		};
		71B96AED194CBD970042023E /* View Model */ = {
			isa = PBXGroup;
			children = (
				71B96AEE194CBDEB0042023E /* ADRemindersViewModel.h */,
				71B96AEF194CBDEB0042023E /* ADRemindersViewModel.m */,
				71B96AF1194D299C0042023E /* ADNewReminderViewModel.h */,
				71B96AF2194D299C0042023E /* ADNewReminderViewModel.m */,
			);
			name = "View Model";
			path = "view model";
			sourceTree = "<group>";
		};
		71D28AF519294F970047F291 = {
			isa = PBXGroup;
			children = (
				71D28B0919294F970047F291 /* alldayDO */,
				71D28B2619294F980047F291 /* alldayDOTests */,
				71D28B0019294F970047F291 /* Frameworks */,
				71D28AFF19294F970047F291 /* Products */,
				D84BECAC108E40A0AB264C7A /* Pods.xcconfig */,
			);
			sourceTree = "<group>";
		};
		71D28AFF19294F970047F291 /* Products */ = {
			isa = PBXGroup;
			children = (
				71D28AFE19294F970047F291 /* alldayDO.app */,
				71D28B1E19294F970047F291 /* alldayDOTests.xctest */,
			);
			name = Products;
			sourceTree = "<group>";
		};
		71D28B0019294F970047F291 /* Frameworks */ = {
			isa = PBXGroup;
			children = (
				71D28B0119294F970047F291 /* Foundation.framework */,
				71D28B0319294F970047F291 /* CoreGraphics.framework */,
				71D28B0519294F970047F291 /* UIKit.framework */,
				71D28B0719294F970047F291 /* CoreData.framework */,
				71D28B1F19294F970047F291 /* XCTest.framework */,
				C342DAE7F9404DE4B305DC50 /* libPods.a */,
			);
			name = Frameworks;
			sourceTree = "<group>";
		};
		71D28B0919294F970047F291 /* alldayDO */ = {
			isa = PBXGroup;
			children = (
				71D28B36192950480047F291 /* Code */,
				71D28B1819294F970047F291 /* Images.xcassets */,
				71D28B0A19294F970047F291 /* Supporting Files */,
			);
			path = alldayDO;
			sourceTree = "<group>";
		};
		71D28B0A19294F970047F291 /* Supporting Files */ = {
			isa = PBXGroup;
			children = (
				71D28B0B19294F970047F291 /* alldayDO-Info.plist */,
				71D28B0C19294F970047F291 /* InfoPlist.strings */,
				71D28B0F19294F970047F291 /* main.m */,
				71D28B1119294F970047F291 /* alldayDO-Prefix.pch */,
			);
			name = "Supporting Files";
			sourceTree = "<group>";
		};
		71D28B2619294F980047F291 /* alldayDOTests */ = {
			isa = PBXGroup;
			children = (
				71D28B2C19294F980047F291 /* alldayDOTests.m */,
				71D28B2719294F980047F291 /* Supporting Files */,
			);
			path = alldayDOTests;
			sourceTree = "<group>";
		};
		71D28B2719294F980047F291 /* Supporting Files */ = {
			isa = PBXGroup;
			children = (
				71D28B2819294F980047F291 /* alldayDOTests-Info.plist */,
				71D28B2919294F980047F291 /* InfoPlist.strings */,
			);
			name = "Supporting Files";
			sourceTree = "<group>";
		};
		71D28B36192950480047F291 /* Code */ = {
			isa = PBXGroup;
			children = (
				71FC67DA19298F0F0073A5CD /* ADNotification.h */,
				71FC67DB19298F0F0073A5CD /* ADNotification.m */,
				71D28B37192950700047F291 /* Controller */,
				71D28B3D192954950047F291 /* View */,
				71B96AED194CBD970042023E /* View Model */,
				71D28B3C1929513F0047F291 /* Model */,
				71D28B3B1929510A0047F291 /* Others */,
				71018AAA192967D500660C17 /* Support */,
			);
			name = Code;
			path = code;
			sourceTree = "<group>";
		};
		71D28B37192950700047F291 /* Controller */ = {
			isa = PBXGroup;
			children = (
				71018AA1192960C000660C17 /* ADNewReminderViewController.h */,
				71018AA2192960C000660C17 /* ADNewReminderViewController.m */,
				71E9325319401803007C96D4 /* ADRemindersCollectionViewController.h */,
				71E9325419401803007C96D4 /* ADRemindersCollectionViewController.m */,
			);
			name = Controller;
			path = controller;
			sourceTree = "<group>";
		};
		71D28B3B1929510A0047F291 /* Others */ = {
			isa = PBXGroup;
			children = (
				711894B7193A6CDC0058A20B /* ADAppDelegate.h */,
				711894B8193A6CDC0058A20B /* ADAppDelegate.m */,
				7130CD6B1943724E009AF8D8 /* ADStyleSheet.h */,
				7130CD6C1943724E009AF8D8 /* ADStyleSheet.m */,
			);
			name = Others;
			path = others;
			sourceTree = "<group>";
		};
		71D28B3C1929513F0047F291 /* Model */ = {
			isa = PBXGroup;
			children = (
				71018AA7192966E800660C17 /* ADModel.h */,
				71018AA8192966E800660C17 /* ADModel.m */,
				71D28B1519294F970047F291 /* alldayDO.xcdatamodeld */,
				71507BCE1947F21400884B46 /* ADLembrete.h */,
				71507BCF1947F21400884B46 /* ADLembrete.m */,
			);
			name = Model;
			path = model;
			sourceTree = "<group>";
		};
		71D28B3D192954950047F291 /* View */ = {
			isa = PBXGroup;
			children = (
				71D28B3E192954BD0047F291 /* Storyboard.storyboard */,
				7130CD6E1943B0AF009AF8D8 /* ADReminderCell.h */,
				7130CD6F1943B0AF009AF8D8 /* ADReminderCell.m */,
				7130CD741944BEE0009AF8D8 /* ADBadgeIconCell.h */,
				7130CD751944BEE0009AF8D8 /* ADBadgeIconCell.m */,
				71B96AF7194D3F1C0042023E /* ADBadgeImageView.h */,
				71B96AF8194D3F1C0042023E /* ADBadgeImageView.m */,
			);
			name = View;
			path = view;
			sourceTree = "<group>";
		};
/* End PBXGroup section */

/* Begin PBXNativeTarget section */
		71D28AFD19294F970047F291 /* alldayDO */ = {
			isa = PBXNativeTarget;
			buildConfigurationList = 71D28B3019294F980047F291 /* Build configuration list for PBXNativeTarget "alldayDO" */;
			buildPhases = (
				D72F225CB43447B6B95CC01D /* Check Pods Manifest.lock */,
				71D28AFA19294F970047F291 /* Sources */,
				71D28AFB19294F970047F291 /* Frameworks */,
				71D28AFC19294F970047F291 /* Resources */,
				CB0FBEA6EA74429898023F2A /* Copy Pods Resources */,
			);
			buildRules = (
			);
			dependencies = (
			);
			name = alldayDO;
			productName = alldayDO;
			productReference = 71D28AFE19294F970047F291 /* alldayDO.app */;
			productType = "com.apple.product-type.application";
		};
		71D28B1D19294F970047F291 /* alldayDOTests */ = {
			isa = PBXNativeTarget;
			buildConfigurationList = 71D28B3319294F980047F291 /* Build configuration list for PBXNativeTarget "alldayDOTests" */;
			buildPhases = (
				71D28B1A19294F970047F291 /* Sources */,
				71D28B1B19294F970047F291 /* Frameworks */,
				71D28B1C19294F970047F291 /* Resources */,
			);
			buildRules = (
			);
			dependencies = (
				71D28B2519294F980047F291 /* PBXTargetDependency */,
			);
			name = alldayDOTests;
			productName = alldayDOTests;
			productReference = 71D28B1E19294F970047F291 /* alldayDOTests.xctest */;
			productType = "com.apple.product-type.bundle.unit-test";
		};
/* End PBXNativeTarget section */

/* Begin PBXProject section */
		71D28AF619294F970047F291 /* Project object */ = {
			isa = PBXProject;
			attributes = {
				CLASSPREFIX = AD;
				LastUpgradeCheck = 0510;
				ORGANIZATIONNAME = "Fábio Nogueira ";
				TargetAttributes = {
					71D28B1D19294F970047F291 = {
						TestTargetID = 71D28AFD19294F970047F291;
					};
				};
			};
			buildConfigurationList = 71D28AF919294F970047F291 /* Build configuration list for PBXProject "alldayDO" */;
			compatibilityVersion = "Xcode 3.2";
			developmentRegion = English;
			hasScannedForEncodings = 0;
			knownRegions = (
				en,
			);
			mainGroup = 71D28AF519294F970047F291;
			productRefGroup = 71D28AFF19294F970047F291 /* Products */;
			projectDirPath = "";
			projectRoot = "";
			targets = (
				71D28AFD19294F970047F291 /* alldayDO */,
				71D28B1D19294F970047F291 /* alldayDOTests */,
			);
		};
/* End PBXProject section */

/* Begin PBXResourcesBuildPhase section */
		71D28AFC19294F970047F291 /* Resources */ = {
			isa = PBXResourcesBuildPhase;
			buildActionMask = 2147483647;
			files = (
				71D28B0E19294F970047F291 /* InfoPlist.strings in Resources */,
				71D28B1919294F970047F291 /* Images.xcassets in Resources */,
				71D28B3F192954BD0047F291 /* Storyboard.storyboard in Resources */,
			);
			runOnlyForDeploymentPostprocessing = 0;
		};
		71D28B1C19294F970047F291 /* Resources */ = {
			isa = PBXResourcesBuildPhase;
			buildActionMask = 2147483647;
			files = (
				71D28B2B19294F980047F291 /* InfoPlist.strings in Resources */,
			);
			runOnlyForDeploymentPostprocessing = 0;
		};
/* End PBXResourcesBuildPhase section */

/* Begin PBXShellScriptBuildPhase section */
		CB0FBEA6EA74429898023F2A /* Copy Pods Resources */ = {
			isa = PBXShellScriptBuildPhase;
			buildActionMask = 2147483647;
			files = (
			);
			inputPaths = (
			);
			name = "Copy Pods Resources";
			outputPaths = (
			);
			runOnlyForDeploymentPostprocessing = 0;
			shellPath = /bin/sh;
			shellScript = "\"${SRCROOT}/Pods/Pods-resources.sh\"\n";
			showEnvVarsInLog = 0;
		};
		D72F225CB43447B6B95CC01D /* Check Pods Manifest.lock */ = {
			isa = PBXShellScriptBuildPhase;
			buildActionMask = 2147483647;
			files = (
			);
			inputPaths = (
			);
			name = "Check Pods Manifest.lock";
			outputPaths = (
			);
			runOnlyForDeploymentPostprocessing = 0;
			shellPath = /bin/sh;
			shellScript = "diff \"${PODS_ROOT}/../Podfile.lock\" \"${PODS_ROOT}/Manifest.lock\" > /dev/null\nif [[ $? != 0 ]] ; then\n    cat << EOM\nerror: The sandbox is not in sync with the Podfile.lock. Run 'pod install' or update your CocoaPods installation.\nEOM\n    exit 1\nfi\n";
			showEnvVarsInLog = 0;
		};
/* End PBXShellScriptBuildPhase section */

/* Begin PBXSourcesBuildPhase section */
		71D28AFA19294F970047F291 /* Sources */ = {
			isa = PBXSourcesBuildPhase;
			buildActionMask = 2147483647;
			files = (
				71FC67DF19299D250073A5CD /* UILocalNotification+ADToolkitAdditions.m in Sources */,
				7174F86D193A779600DEB9D0 /* PresentingAnimator.m in Sources */,
				71507BD01947F21400884B46 /* ADLembrete.m in Sources */,
				71FC67DC19298F0F0073A5CD /* ADNotification.m in Sources */,
				7130CD631942D69D009AF8D8 /* UIImage+ADToolkitAdditions.m in Sources */,
				714A50F9193D75820041905C /* ADLembrete+ADToolkitAdditions.m in Sources */,
				71018AA9192966E800660C17 /* ADModel.m in Sources */,
				71B96AF9194D3F1C0042023E /* ADBadgeImageView.m in Sources */,
				7130CD761944BEE0009AF8D8 /* ADBadgeIconCell.m in Sources */,
				7130CD701943B0AF009AF8D8 /* ADReminderCell.m in Sources */,
				71B96AF0194CBDEB0042023E /* ADRemindersViewModel.m in Sources */,
				71018AAE1929683500660C17 /* NSEntityDescription+ADToolkitAdditions.m in Sources */,
				71018AA3192960C000660C17 /* ADNewReminderViewController.m in Sources */,
				71B96AF3194D299C0042023E /* ADNewReminderViewModel.m in Sources */,
				7174F86C193A779600DEB9D0 /* DismissingAnimator.m in Sources */,
				711894B9193A6CDC0058A20B /* ADAppDelegate.m in Sources */,
				71D28B1719294F970047F291 /* alldayDO.xcdatamodeld in Sources */,
				71D28B1019294F970047F291 /* main.m in Sources */,
				7130CD6D1943724E009AF8D8 /* ADStyleSheet.m in Sources */,
				71E9325519401803007C96D4 /* ADRemindersCollectionViewController.m in Sources */,
			);
			runOnlyForDeploymentPostprocessing = 0;
		};
		71D28B1A19294F970047F291 /* Sources */ = {
			isa = PBXSourcesBuildPhase;
			buildActionMask = 2147483647;
			files = (
				71D28B2D19294F980047F291 /* alldayDOTests.m in Sources */,
			);
			runOnlyForDeploymentPostprocessing = 0;
		};
/* End PBXSourcesBuildPhase section */

/* Begin PBXTargetDependency section */
		71D28B2519294F980047F291 /* PBXTargetDependency */ = {
			isa = PBXTargetDependency;
			target = 71D28AFD19294F970047F291 /* alldayDO */;
			targetProxy = 71D28B2419294F980047F291 /* PBXContainerItemProxy */;
		};
/* End PBXTargetDependency section */

/* Begin PBXVariantGroup section */
		71D28B0C19294F970047F291 /* InfoPlist.strings */ = {
			isa = PBXVariantGroup;
			children = (
				71D28B0D19294F970047F291 /* en */,
			);
			name = InfoPlist.strings;
			sourceTree = "<group>";
		};
		71D28B2919294F980047F291 /* InfoPlist.strings */ = {
			isa = PBXVariantGroup;
			children = (
				71D28B2A19294F980047F291 /* en */,
			);
			name = InfoPlist.strings;
			sourceTree = "<group>";
		};
/* End PBXVariantGroup section */

/* Begin XCBuildConfiguration section */
		71D28B2E19294F980047F291 /* Debug */ = {
			isa = XCBuildConfiguration;
			buildSettings = {
				ALWAYS_SEARCH_USER_PATHS = NO;
				CLANG_CXX_LANGUAGE_STANDARD = "gnu++0x";
				CLANG_CXX_LIBRARY = "libc++";
				CLANG_ENABLE_MODULES = YES;
				CLANG_ENABLE_OBJC_ARC = YES;
				CLANG_WARN_BOOL_CONVERSION = YES;
				CLANG_WARN_CONSTANT_CONVERSION = YES;
				CLANG_WARN_DIRECT_OBJC_ISA_USAGE = YES_ERROR;
				CLANG_WARN_EMPTY_BODY = YES;
				CLANG_WARN_ENUM_CONVERSION = YES;
				CLANG_WARN_INT_CONVERSION = YES;
				CLANG_WARN_OBJC_ROOT_CLASS = YES_ERROR;
				CLANG_WARN__DUPLICATE_METHOD_MATCH = YES;
				"CODE_SIGN_IDENTITY[sdk=iphoneos*]" = "iPhone Developer";
				COPY_PHASE_STRIP = NO;
				GCC_C_LANGUAGE_STANDARD = gnu99;
				GCC_DYNAMIC_NO_PIC = NO;
				GCC_OPTIMIZATION_LEVEL = 0;
				GCC_PREPROCESSOR_DEFINITIONS = (
					"DEBUG=1",
					"$(inherited)",
				);
				GCC_SYMBOLS_PRIVATE_EXTERN = NO;
				GCC_WARN_64_TO_32_BIT_CONVERSION = YES;
				GCC_WARN_ABOUT_RETURN_TYPE = YES_ERROR;
				GCC_WARN_UNDECLARED_SELECTOR = YES;
				GCC_WARN_UNINITIALIZED_AUTOS = YES_AGGRESSIVE;
				GCC_WARN_UNUSED_FUNCTION = YES;
				GCC_WARN_UNUSED_VARIABLE = YES;
				IPHONEOS_DEPLOYMENT_TARGET = 7.1;
				ONLY_ACTIVE_ARCH = YES;
				SDKROOT = iphoneos;
			};
			name = Debug;
		};
		71D28B2F19294F980047F291 /* Release */ = {
			isa = XCBuildConfiguration;
			buildSettings = {
				ALWAYS_SEARCH_USER_PATHS = NO;
				CLANG_CXX_LANGUAGE_STANDARD = "gnu++0x";
				CLANG_CXX_LIBRARY = "libc++";
				CLANG_ENABLE_MODULES = YES;
				CLANG_ENABLE_OBJC_ARC = YES;
				CLANG_WARN_BOOL_CONVERSION = YES;
				CLANG_WARN_CONSTANT_CONVERSION = YES;
				CLANG_WARN_DIRECT_OBJC_ISA_USAGE = YES_ERROR;
				CLANG_WARN_EMPTY_BODY = YES;
				CLANG_WARN_ENUM_CONVERSION = YES;
				CLANG_WARN_INT_CONVERSION = YES;
				CLANG_WARN_OBJC_ROOT_CLASS = YES_ERROR;
				CLANG_WARN__DUPLICATE_METHOD_MATCH = YES;
				"CODE_SIGN_IDENTITY[sdk=iphoneos*]" = "iPhone Developer";
				COPY_PHASE_STRIP = YES;
				ENABLE_NS_ASSERTIONS = NO;
				GCC_C_LANGUAGE_STANDARD = gnu99;
				GCC_WARN_64_TO_32_BIT_CONVERSION = YES;
				GCC_WARN_ABOUT_RETURN_TYPE = YES_ERROR;
				GCC_WARN_UNDECLARED_SELECTOR = YES;
				GCC_WARN_UNINITIALIZED_AUTOS = YES_AGGRESSIVE;
				GCC_WARN_UNUSED_FUNCTION = YES;
				GCC_WARN_UNUSED_VARIABLE = YES;
				IPHONEOS_DEPLOYMENT_TARGET = 7.1;
				SDKROOT = iphoneos;
				VALIDATE_PRODUCT = YES;
			};
			name = Release;
		};
		71D28B3119294F980047F291 /* Debug */ = {
			isa = XCBuildConfiguration;
			baseConfigurationReference = D84BECAC108E40A0AB264C7A /* Pods.xcconfig */;
			buildSettings = {
				ASSETCATALOG_COMPILER_APPICON_NAME = AppIcon;
				ASSETCATALOG_COMPILER_LAUNCHIMAGE_NAME = LaunchImage;
				GCC_PRECOMPILE_PREFIX_HEADER = YES;
				GCC_PREFIX_HEADER = "alldayDO/alldayDO-Prefix.pch";
				INFOPLIST_FILE = "alldayDO/alldayDO-Info.plist";
				IPHONEOS_DEPLOYMENT_TARGET = 7.0;
				PRODUCT_NAME = "$(TARGET_NAME)";
				WRAPPER_EXTENSION = app;
			};
			name = Debug;
		};
		71D28B3219294F980047F291 /* Release */ = {
			isa = XCBuildConfiguration;
			baseConfigurationReference = D84BECAC108E40A0AB264C7A /* Pods.xcconfig */;
			buildSettings = {
				ASSETCATALOG_COMPILER_APPICON_NAME = AppIcon;
				ASSETCATALOG_COMPILER_LAUNCHIMAGE_NAME = LaunchImage;
				GCC_PRECOMPILE_PREFIX_HEADER = YES;
				GCC_PREFIX_HEADER = "alldayDO/alldayDO-Prefix.pch";
				INFOPLIST_FILE = "alldayDO/alldayDO-Info.plist";
				IPHONEOS_DEPLOYMENT_TARGET = 7.0;
				PRODUCT_NAME = "$(TARGET_NAME)";
				WRAPPER_EXTENSION = app;
			};
			name = Release;
		};
		71D28B3419294F980047F291 /* Debug */ = {
			isa = XCBuildConfiguration;
			buildSettings = {
				BUNDLE_LOADER = "$(BUILT_PRODUCTS_DIR)/alldayDO.app/alldayDO";
				FRAMEWORK_SEARCH_PATHS = (
					"$(SDKROOT)/Developer/Library/Frameworks",
					"$(inherited)",
					"$(DEVELOPER_FRAMEWORKS_DIR)",
				);
				GCC_PRECOMPILE_PREFIX_HEADER = YES;
				GCC_PREFIX_HEADER = "alldayDO/alldayDO-Prefix.pch";
				GCC_PREPROCESSOR_DEFINITIONS = (
					"DEBUG=1",
					"$(inherited)",
				);
				INFOPLIST_FILE = "alldayDOTests/alldayDOTests-Info.plist";
				PRODUCT_NAME = "$(TARGET_NAME)";
				TEST_HOST = "$(BUNDLE_LOADER)";
				WRAPPER_EXTENSION = xctest;
			};
			name = Debug;
		};
		71D28B3519294F980047F291 /* Release */ = {
			isa = XCBuildConfiguration;
			buildSettings = {
				BUNDLE_LOADER = "$(BUILT_PRODUCTS_DIR)/alldayDO.app/alldayDO";
				FRAMEWORK_SEARCH_PATHS = (
					"$(SDKROOT)/Developer/Library/Frameworks",
					"$(inherited)",
					"$(DEVELOPER_FRAMEWORKS_DIR)",
				);
				GCC_PRECOMPILE_PREFIX_HEADER = YES;
				GCC_PREFIX_HEADER = "alldayDO/alldayDO-Prefix.pch";
				INFOPLIST_FILE = "alldayDOTests/alldayDOTests-Info.plist";
				PRODUCT_NAME = "$(TARGET_NAME)";
				TEST_HOST = "$(BUNDLE_LOADER)";
				WRAPPER_EXTENSION = xctest;
			};
			name = Release;
		};
/* End XCBuildConfiguration section */

/* Begin XCConfigurationList section */
		71D28AF919294F970047F291 /* Build configuration list for PBXProject "alldayDO" */ = {
			isa = XCConfigurationList;
			buildConfigurations = (
				71D28B2E19294F980047F291 /* Debug */,
				71D28B2F19294F980047F291 /* Release */,
			);
			defaultConfigurationIsVisible = 0;
			defaultConfigurationName = Release;
		};
		71D28B3019294F980047F291 /* Build configuration list for PBXNativeTarget "alldayDO" */ = {
			isa = XCConfigurationList;
			buildConfigurations = (
				71D28B3119294F980047F291 /* Debug */,
				71D28B3219294F980047F291 /* Release */,
			);
			defaultConfigurationIsVisible = 0;
			defaultConfigurationName = Release;
		};
		71D28B3319294F980047F291 /* Build configuration list for PBXNativeTarget "alldayDOTests" */ = {
			isa = XCConfigurationList;
			buildConfigurations = (
				71D28B3419294F980047F291 /* Debug */,
				71D28B3519294F980047F291 /* Release */,
			);
			defaultConfigurationIsVisible = 0;
			defaultConfigurationName = Release;
		};
/* End XCConfigurationList section */

/* Begin XCVersionGroup section */
		71D28B1519294F970047F291 /* alldayDO.xcdatamodeld */ = {
			isa = XCVersionGroup;
			children = (
				71D28B1619294F970047F291 /* alldayDO.xcdatamodel */,
			);
			currentVersion = 71D28B1619294F970047F291 /* alldayDO.xcdatamodel */;
			name = alldayDO.xcdatamodeld;
			path = ../../alldayDO.xcdatamodeld;
			sourceTree = "<group>";
			versionGroupType = wrapper.xcdatamodel;
		};
/* End XCVersionGroup section */
	};
	rootObject = 71D28AF619294F970047F291 /* Project object */;
}
