// !$*UTF8*$!
{
	archiveVersion = 1;
	classes = {
	};
	objectVersion = 46;
	objects = {

/* Begin PBXBuildFile section */
		1D426D31DE0E46E59F50DDC7 /* libPods.a in Frameworks */ = {isa = PBXBuildFile; fileRef = C342DAE7F9404DE4B305DC50 /* libPods.a */; };
		701F65721A9EB35E005E3EB6 /* alldayDOToday.entitlements in Resources */ = {isa = PBXBuildFile; fileRef = 701F65711A9EB2FC005E3EB6 /* alldayDOToday.entitlements */; };
		701F65731A9EB35E005E3EB6 /* alldayDOToday.entitlements in Resources */ = {isa = PBXBuildFile; fileRef = 701F65711A9EB2FC005E3EB6 /* alldayDOToday.entitlements */; };
		701F65741A9EB4C0005E3EB6 /* alldayDO.xcdatamodeld in Sources */ = {isa = PBXBuildFile; fileRef = 71D28B1519294F970047F291 /* alldayDO.xcdatamodeld */; };
		705952B01AA924190018385B /* ADSettings.h in Headers */ = {isa = PBXBuildFile; fileRef = 705952AE1AA924190018385B /* ADSettings.h */; settings = {ATTRIBUTES = (Public, ); }; };
		705952B11AA924190018385B /* ADSettings.m in Sources */ = {isa = PBXBuildFile; fileRef = 705952AF1AA924190018385B /* ADSettings.m */; };
		705952B71AA929220018385B /* ADSettingsTableViewController.m in Sources */ = {isa = PBXBuildFile; fileRef = 705952B61AA929220018385B /* ADSettingsTableViewController.m */; };
		706616ED1A644A57006C936E /* ADModel.h in Headers */ = {isa = PBXBuildFile; fileRef = 706616E71A644A57006C936E /* ADModel.h */; settings = {ATTRIBUTES = (Public, ); }; };
		706616EE1A644A57006C936E /* ADModel.m in Sources */ = {isa = PBXBuildFile; fileRef = 706616E81A644A57006C936E /* ADModel.m */; };
		706617041A644AAC006C936E /* NSDate+ADToolkitAdditions.h in Headers */ = {isa = PBXBuildFile; fileRef = 706616FA1A644AAC006C936E /* NSDate+ADToolkitAdditions.h */; settings = {ATTRIBUTES = (Public, ); }; };
		706617051A644AAC006C936E /* NSDate+ADToolkitAdditions.m in Sources */ = {isa = PBXBuildFile; fileRef = 706616FB1A644AAC006C936E /* NSDate+ADToolkitAdditions.m */; };
		706617081A644AAC006C936E /* UIImage+ADToolkitAdditions.m in Sources */ = {isa = PBXBuildFile; fileRef = 706616FE1A644AAC006C936E /* UIImage+ADToolkitAdditions.m */; };
		7066170A1A644AAC006C936E /* UIImage+ADToolkitAdditions.h in Headers */ = {isa = PBXBuildFile; fileRef = 706617001A644AAC006C936E /* UIImage+ADToolkitAdditions.h */; settings = {ATTRIBUTES = (Public, ); }; };
		7066170D1A644BD9006C936E /* CoreData.framework in Frameworks */ = {isa = PBXBuildFile; fileRef = 71D28B0719294F970047F291 /* CoreData.framework */; };
		7077B87A1A2E29A900841BE5 /* ADStyleSheet.swift in Sources */ = {isa = PBXBuildFile; fileRef = 7077B8791A2E29A800841BE5 /* ADStyleSheet.swift */; };
		708481EA199BC90B008BF6A5 /* ADDetailReminderViewController.m in Sources */ = {isa = PBXBuildFile; fileRef = 708481E9199BC90B008BF6A5 /* ADDetailReminderViewController.m */; };
		708579381A9A53630039EED8 /* Bolts.framework in Frameworks */ = {isa = PBXBuildFile; fileRef = 708579361A9A53630039EED8 /* Bolts.framework */; };
		708579391A9A53630039EED8 /* Parse.framework in Frameworks */ = {isa = PBXBuildFile; fileRef = 708579371A9A53630039EED8 /* Parse.framework */; };
		7085793B1A9A539A0039EED8 /* AudioToolbox.framework in Frameworks */ = {isa = PBXBuildFile; fileRef = 7085793A1A9A539A0039EED8 /* AudioToolbox.framework */; };
		7085793D1A9A53A00039EED8 /* CFNetwork.framework in Frameworks */ = {isa = PBXBuildFile; fileRef = 7085793C1A9A53A00039EED8 /* CFNetwork.framework */; };
		7085793F1A9A53AF0039EED8 /* CoreLocation.framework in Frameworks */ = {isa = PBXBuildFile; fileRef = 7085793E1A9A53AF0039EED8 /* CoreLocation.framework */; };
		708579411A9A53B70039EED8 /* MobileCoreServices.framework in Frameworks */ = {isa = PBXBuildFile; fileRef = 708579401A9A53B70039EED8 /* MobileCoreServices.framework */; };
		708579431A9A53BE0039EED8 /* QuartzCore.framework in Frameworks */ = {isa = PBXBuildFile; fileRef = 708579421A9A53BE0039EED8 /* QuartzCore.framework */; };
		708579451A9A53C50039EED8 /* Security.framework in Frameworks */ = {isa = PBXBuildFile; fileRef = 708579441A9A53C50039EED8 /* Security.framework */; };
		708579471A9A53D20039EED8 /* StoreKit.framework in Frameworks */ = {isa = PBXBuildFile; fileRef = 708579461A9A53D20039EED8 /* StoreKit.framework */; };
		708579491A9A53DB0039EED8 /* SystemConfiguration.framework in Frameworks */ = {isa = PBXBuildFile; fileRef = 708579481A9A53DB0039EED8 /* SystemConfiguration.framework */; };
		7085794B1A9A53E50039EED8 /* libz.dylib in Frameworks */ = {isa = PBXBuildFile; fileRef = 7085794A1A9A53E50039EED8 /* libz.dylib */; };
		7085794D1A9A53EF0039EED8 /* libsqlite3.dylib in Frameworks */ = {isa = PBXBuildFile; fileRef = 7085794C1A9A53EF0039EED8 /* libsqlite3.dylib */; };
		7085794F1A9A5BB90039EED8 /* Social.framework in Frameworks */ = {isa = PBXBuildFile; fileRef = 7085794E1A9A5BB90039EED8 /* Social.framework */; };
		708579511A9A5BBE0039EED8 /* Accounts.framework in Frameworks */ = {isa = PBXBuildFile; fileRef = 708579501A9A5BBE0039EED8 /* Accounts.framework */; };
		70BDED811A9EA504006CAAA2 /* ADLembrete+ADToolkitAdditions.m in Sources */ = {isa = PBXBuildFile; fileRef = 706616F91A644AAC006C936E /* ADLembrete+ADToolkitAdditions.m */; };
		70BDEDB81A9EA929006CAAA2 /* ADRemindersViewModel.m in Sources */ = {isa = PBXBuildFile; fileRef = 71A2A7A51A43B5F20026F01B /* ADRemindersViewModel.m */; };
		70BDEDB91A9EA942006CAAA2 /* ADLocalNotification.m in Sources */ = {isa = PBXBuildFile; fileRef = 71990A9E19A8153D0056C17C /* ADLocalNotification.m */; };
		70BDEDBD1A9EA989006CAAA2 /* ADToday.h in Headers */ = {isa = PBXBuildFile; fileRef = 70BDEDBB1A9EA989006CAAA2 /* ADToday.h */; settings = {ATTRIBUTES = (Public, ); }; };
		70BDEDBE1A9EA989006CAAA2 /* ADToday.m in Sources */ = {isa = PBXBuildFile; fileRef = 70BDEDBC1A9EA989006CAAA2 /* ADToday.m */; };
		70BDEDBF1A9EADFF006CAAA2 /* UILocalNotification+ADToolkitAdditions.m in Sources */ = {isa = PBXBuildFile; fileRef = 706616FC1A644AAC006C936E /* UILocalNotification+ADToolkitAdditions.m */; };
		70BDEDC01A9EAF35006CAAA2 /* NSEntityDescription+ADToolkitAdditions.m in Sources */ = {isa = PBXBuildFile; fileRef = 706616FF1A644AAC006C936E /* NSEntityDescription+ADToolkitAdditions.m */; };
		70E33B851AA54E4B0084C3C1 /* ADCategoria.h in Headers */ = {isa = PBXBuildFile; fileRef = 70E33B7F1AA54E4B0084C3C1 /* ADCategoria.h */; settings = {ATTRIBUTES = (Public, ); }; };
		70E33B861AA54E4B0084C3C1 /* ADCategoria.m in Sources */ = {isa = PBXBuildFile; fileRef = 70E33B801AA54E4B0084C3C1 /* ADCategoria.m */; };
		70E33B871AA54E4B0084C3C1 /* ADLembrete.h in Headers */ = {isa = PBXBuildFile; fileRef = 70E33B811AA54E4B0084C3C1 /* ADLembrete.h */; settings = {ATTRIBUTES = (Public, ); }; };
		70E33B881AA54E4B0084C3C1 /* ADLembrete.m in Sources */ = {isa = PBXBuildFile; fileRef = 70E33B821AA54E4B0084C3C1 /* ADLembrete.m */; };
		70E33B891AA54E4B0084C3C1 /* ADLembreteConfirmado.h in Headers */ = {isa = PBXBuildFile; fileRef = 70E33B831AA54E4B0084C3C1 /* ADLembreteConfirmado.h */; settings = {ATTRIBUTES = (Public, ); }; };
		70E33B8A1AA54E4B0084C3C1 /* ADLembreteConfirmado.m in Sources */ = {isa = PBXBuildFile; fileRef = 70E33B841AA54E4B0084C3C1 /* ADLembreteConfirmado.m */; };
		70E6FBF619BF30E000AF3CF8 /* ADAuthorsViewController.m in Sources */ = {isa = PBXBuildFile; fileRef = 70E6FBF519BF30E000AF3CF8 /* ADAuthorsViewController.m */; };
		70F105FD1A9E9EB00042EBD5 /* NotificationCenter.framework in Frameworks */ = {isa = PBXBuildFile; fileRef = 718D9EC01A436C8400E900D1 /* NotificationCenter.framework */; };
		70F106021A9E9EB00042EBD5 /* TodayViewController.swift in Sources */ = {isa = PBXBuildFile; fileRef = 70F106011A9E9EB00042EBD5 /* TodayViewController.swift */; };
		70F106041A9E9EB00042EBD5 /* MainInterface.storyboard in Resources */ = {isa = PBXBuildFile; fileRef = 70F106031A9E9EB00042EBD5 /* MainInterface.storyboard */; };
		70F106071A9E9EB00042EBD5 /* alldayDOToday.appex in Embed App Extensions */ = {isa = PBXBuildFile; fileRef = 70F105FC1A9E9EB00042EBD5 /* alldayDOToday.appex */; settings = {ATTRIBUTES = (RemoveHeadersOnCopy, ); }; };
		70F1060B1A9E9F830042EBD5 /* alldayDOKit.framework in Frameworks */ = {isa = PBXBuildFile; fileRef = 71D8E6651A45057200A5B9BC /* alldayDOKit.framework */; };
		70F1060C1A9EA02E0042EBD5 /* ADTodayCell.swift in Sources */ = {isa = PBXBuildFile; fileRef = 718D9ED11A43717A00E900D1 /* ADTodayCell.swift */; };
		70F88D7B1AA006A100BAEF33 /* INSLabelPullToRefresh.m in Sources */ = {isa = PBXBuildFile; fileRef = 70F88D7A1AA006A000BAEF33 /* INSLabelPullToRefresh.m */; };
		71018AA3192960C000660C17 /* ADEditReminderViewController.m in Sources */ = {isa = PBXBuildFile; fileRef = 71018AA2192960C000660C17 /* ADEditReminderViewController.m */; };
		710D9C861A60B6D100433069 /* Localizable.strings in Resources */ = {isa = PBXBuildFile; fileRef = 71ABE85D19BA7C4800161DE3 /* Localizable.strings */; };
		710D9C871A6156C600433069 /* alldayDO.xcdatamodeld in Sources */ = {isa = PBXBuildFile; fileRef = 71D28B1519294F970047F291 /* alldayDO.xcdatamodeld */; };
		711F9840198DA9700097AA22 /* NSDateFormatter+ADToolkitAdditions.m in Sources */ = {isa = PBXBuildFile; fileRef = 711F983F198DA9700097AA22 /* NSDateFormatter+ADToolkitAdditions.m */; };
		711F9846198DAB310097AA22 /* NSDateComponents+ADToolkitAdditions.m in Sources */ = {isa = PBXBuildFile; fileRef = 711F9845198DAB310097AA22 /* NSDateComponents+ADToolkitAdditions.m */; };
		711F9849198DAB700097AA22 /* NSString+ADToolkitAdditions.m in Sources */ = {isa = PBXBuildFile; fileRef = 711F9848198DAB700097AA22 /* NSString+ADToolkitAdditions.m */; };
		713B9BA519CF79E300F253C8 /* ADWalkthrough.m in Sources */ = {isa = PBXBuildFile; fileRef = 713B9BA419CF79E300F253C8 /* ADWalkthrough.m */; };
		716A347019CB90660069189E /* GAI+ADToolkitAdditions.m in Sources */ = {isa = PBXBuildFile; fileRef = 716A346F19CB90660069189E /* GAI+ADToolkitAdditions.m */; };
		718FB1BE1A349D320059F1B2 /* ADBadgeImageView.swift in Sources */ = {isa = PBXBuildFile; fileRef = 718FB1BD1A349D320059F1B2 /* ADBadgeImageView.swift */; };
		718FB1C21A35344B0059F1B2 /* ADIconCell.swift in Sources */ = {isa = PBXBuildFile; fileRef = 718FB1C11A35344B0059F1B2 /* ADIconCell.swift */; };
		71A2A7A61A43B5F20026F01B /* ADDetailReminderViewModel.m in Sources */ = {isa = PBXBuildFile; fileRef = 71A2A7A11A43B5F20026F01B /* ADDetailReminderViewModel.m */; };
		71A2A7A71A43B5F20026F01B /* ADEditReminderViewModel.m in Sources */ = {isa = PBXBuildFile; fileRef = 71A2A7A31A43B5F20026F01B /* ADEditReminderViewModel.m */; };
		71ABE85B19BA7C4800161DE3 /* Localizable.strings in Resources */ = {isa = PBXBuildFile; fileRef = 71ABE85D19BA7C4800161DE3 /* Localizable.strings */; };
		71B96B00194D4DC90042023E /* ADAppDelegate.m in Sources */ = {isa = PBXBuildFile; fileRef = 71B96AFF194D4DC90042023E /* ADAppDelegate.m */; };
		71BBFF5A19BA842200BFF5FA /* Storyboard.storyboard in Resources */ = {isa = PBXBuildFile; fileRef = 71BBFF5919BA842200BFF5FA /* Storyboard.storyboard */; };
		71BBFF5D19BAB8FF00BFF5FA /* ADAboutViewController.m in Sources */ = {isa = PBXBuildFile; fileRef = 71BBFF5C19BAB8FF00BFF5FA /* ADAboutViewController.m */; };
		71CC1D991A5C9B7500FC3E5B /* alldayDO.entitlements in Resources */ = {isa = PBXBuildFile; fileRef = 71B65C9A1A48F74000C36884 /* alldayDO.entitlements */; };
		71CC1D9B1A5C9B7600FC3E5B /* alldayDO.entitlements in Resources */ = {isa = PBXBuildFile; fileRef = 71B65C9A1A48F74000C36884 /* alldayDO.entitlements */; };
		71D28B0219294F970047F291 /* Foundation.framework in Frameworks */ = {isa = PBXBuildFile; fileRef = 71D28B0119294F970047F291 /* Foundation.framework */; };
		71D28B0419294F970047F291 /* CoreGraphics.framework in Frameworks */ = {isa = PBXBuildFile; fileRef = 71D28B0319294F970047F291 /* CoreGraphics.framework */; };
		71D28B0619294F970047F291 /* UIKit.framework in Frameworks */ = {isa = PBXBuildFile; fileRef = 71D28B0519294F970047F291 /* UIKit.framework */; };
		71D28B0819294F970047F291 /* CoreData.framework in Frameworks */ = {isa = PBXBuildFile; fileRef = 71D28B0719294F970047F291 /* CoreData.framework */; };
		71D28B1019294F970047F291 /* main.m in Sources */ = {isa = PBXBuildFile; fileRef = 71D28B0F19294F970047F291 /* main.m */; };
		71D28B1919294F970047F291 /* Images.xcassets in Resources */ = {isa = PBXBuildFile; fileRef = 71D28B1819294F970047F291 /* Images.xcassets */; };
		71D8E66A1A45057200A5B9BC /* alldayDOKit.h in Headers */ = {isa = PBXBuildFile; fileRef = 71D8E6691A45057200A5B9BC /* alldayDOKit.h */; settings = {ATTRIBUTES = (Public, ); }; };
		71D8E6701A45057200A5B9BC /* alldayDOKit.framework in Frameworks */ = {isa = PBXBuildFile; fileRef = 71D8E6651A45057200A5B9BC /* alldayDOKit.framework */; };
		71D8E6791A45057200A5B9BC /* alldayDOKitTests.m in Sources */ = {isa = PBXBuildFile; fileRef = 71D8E6781A45057200A5B9BC /* alldayDOKitTests.m */; };
		71D8E67D1A45057200A5B9BC /* alldayDOKit.framework in Embed Frameworks */ = {isa = PBXBuildFile; fileRef = 71D8E6651A45057200A5B9BC /* alldayDOKit.framework */; settings = {ATTRIBUTES = (CodeSignOnCopy, RemoveHeadersOnCopy, ); }; };
		71DD14E9197DD46C003F9059 /* ADReminderCell.m in Sources */ = {isa = PBXBuildFile; fileRef = 71DD14E8197DD46C003F9059 /* ADReminderCell.m */; };
		71E18B93198C59E2007C7467 /* Crashlytics.framework in Frameworks */ = {isa = PBXBuildFile; fileRef = 71E18B92198C59E2007C7467 /* Crashlytics.framework */; };
		71E9325519401803007C96D4 /* ADRemindersViewController.m in Sources */ = {isa = PBXBuildFile; fileRef = 71E9325419401803007C96D4 /* ADRemindersViewController.m */; };
/* End PBXBuildFile section */

/* Begin PBXContainerItemProxy section */
		70F106051A9E9EB00042EBD5 /* PBXContainerItemProxy */ = {
			isa = PBXContainerItemProxy;
			containerPortal = 71D28AF619294F970047F291 /* Project object */;
			proxyType = 1;
			remoteGlobalIDString = 70F105FB1A9E9EB00042EBD5;
			remoteInfo = alldayDOToday;
		};
		7134B6371A7B036E00018621 /* PBXContainerItemProxy */ = {
			isa = PBXContainerItemProxy;
			containerPortal = 71D28AF619294F970047F291 /* Project object */;
			proxyType = 1;
			remoteGlobalIDString = 71D8E6641A45057200A5B9BC;
			remoteInfo = alldayDOKit;
		};
		71D8E6711A45057200A5B9BC /* PBXContainerItemProxy */ = {
			isa = PBXContainerItemProxy;
			containerPortal = 71D28AF619294F970047F291 /* Project object */;
			proxyType = 1;
			remoteGlobalIDString = 71D8E6641A45057200A5B9BC;
			remoteInfo = alldayDOKit;
		};
		71D8E6731A45057200A5B9BC /* PBXContainerItemProxy */ = {
			isa = PBXContainerItemProxy;
			containerPortal = 71D28AF619294F970047F291 /* Project object */;
			proxyType = 1;
			remoteGlobalIDString = 71D28AFD19294F970047F291;
			remoteInfo = alldayDO;
		};
/* End PBXContainerItemProxy section */

/* Begin PBXCopyFilesBuildPhase section */
		718D9ECF1A436C8400E900D1 /* Embed App Extensions */ = {
			isa = PBXCopyFilesBuildPhase;
			buildActionMask = 2147483647;
			dstPath = "";
			dstSubfolderSpec = 13;
			files = (
				70F106071A9E9EB00042EBD5 /* alldayDOToday.appex in Embed App Extensions */,
			);
			name = "Embed App Extensions";
			runOnlyForDeploymentPostprocessing = 0;
		};
		71A2A7931A43B2A50026F01B /* Embed Frameworks */ = {
			isa = PBXCopyFilesBuildPhase;
			buildActionMask = 2147483647;
			dstPath = "";
			dstSubfolderSpec = 10;
			files = (
				71D8E67D1A45057200A5B9BC /* alldayDOKit.framework in Embed Frameworks */,
			);
			name = "Embed Frameworks";
			runOnlyForDeploymentPostprocessing = 0;
		};
/* End PBXCopyFilesBuildPhase section */

/* Begin PBXFileReference section */
		7004620F1AA23C41009EB035 /* alldayDO 2.xcdatamodel */ = {isa = PBXFileReference; lastKnownFileType = wrapper.xcdatamodel; path = "alldayDO 2.xcdatamodel"; sourceTree = "<group>"; };
		701F65711A9EB2FC005E3EB6 /* alldayDOToday.entitlements */ = {isa = PBXFileReference; lastKnownFileType = text.xml; path = alldayDOToday.entitlements; sourceTree = "<group>"; };
		705952AE1AA924190018385B /* ADSettings.h */ = {isa = PBXFileReference; fileEncoding = 4; lastKnownFileType = sourcecode.c.h; path = ADSettings.h; sourceTree = SOURCE_ROOT; };
		705952AF1AA924190018385B /* ADSettings.m */ = {isa = PBXFileReference; fileEncoding = 4; lastKnownFileType = sourcecode.c.objc; path = ADSettings.m; sourceTree = SOURCE_ROOT; };
		705952B51AA929220018385B /* ADSettingsTableViewController.h */ = {isa = PBXFileReference; fileEncoding = 4; lastKnownFileType = sourcecode.c.h; path = ADSettingsTableViewController.h; sourceTree = "<group>"; };
		705952B61AA929220018385B /* ADSettingsTableViewController.m */ = {isa = PBXFileReference; fileEncoding = 4; lastKnownFileType = sourcecode.c.objc; path = ADSettingsTableViewController.m; sourceTree = "<group>"; };
		706616E71A644A57006C936E /* ADModel.h */ = {isa = PBXFileReference; fileEncoding = 4; lastKnownFileType = sourcecode.c.h; name = ADModel.h; path = alldayDO/code/model/ADModel.h; sourceTree = SOURCE_ROOT; };
		706616E81A644A57006C936E /* ADModel.m */ = {isa = PBXFileReference; fileEncoding = 4; lastKnownFileType = sourcecode.c.objc; name = ADModel.m; path = alldayDO/code/model/ADModel.m; sourceTree = SOURCE_ROOT; };
		706616F81A644AAC006C936E /* ADLembrete+ADToolkitAdditions.h */ = {isa = PBXFileReference; fileEncoding = 4; lastKnownFileType = sourcecode.c.h; name = "ADLembrete+ADToolkitAdditions.h"; path = "alldayDO/code/support/category/ADLembrete+ADToolkitAdditions.h"; sourceTree = SOURCE_ROOT; };
		706616F91A644AAC006C936E /* ADLembrete+ADToolkitAdditions.m */ = {isa = PBXFileReference; fileEncoding = 4; lastKnownFileType = sourcecode.c.objc; name = "ADLembrete+ADToolkitAdditions.m"; path = "alldayDO/code/support/category/ADLembrete+ADToolkitAdditions.m"; sourceTree = SOURCE_ROOT; };
		706616FA1A644AAC006C936E /* NSDate+ADToolkitAdditions.h */ = {isa = PBXFileReference; fileEncoding = 4; lastKnownFileType = sourcecode.c.h; name = "NSDate+ADToolkitAdditions.h"; path = "alldayDO/code/support/category/NSDate+ADToolkitAdditions.h"; sourceTree = SOURCE_ROOT; };
		706616FB1A644AAC006C936E /* NSDate+ADToolkitAdditions.m */ = {isa = PBXFileReference; fileEncoding = 4; lastKnownFileType = sourcecode.c.objc; name = "NSDate+ADToolkitAdditions.m"; path = "alldayDO/code/support/category/NSDate+ADToolkitAdditions.m"; sourceTree = SOURCE_ROOT; };
		706616FC1A644AAC006C936E /* UILocalNotification+ADToolkitAdditions.m */ = {isa = PBXFileReference; fileEncoding = 4; lastKnownFileType = sourcecode.c.objc; name = "UILocalNotification+ADToolkitAdditions.m"; path = "alldayDO/code/support/category/UILocalNotification+ADToolkitAdditions.m"; sourceTree = SOURCE_ROOT; };
		706616FD1A644AAC006C936E /* NSEntityDescription+ADToolkitAdditions.h */ = {isa = PBXFileReference; fileEncoding = 4; lastKnownFileType = sourcecode.c.h; name = "NSEntityDescription+ADToolkitAdditions.h"; path = "alldayDO/code/support/category/NSEntityDescription+ADToolkitAdditions.h"; sourceTree = SOURCE_ROOT; };
		706616FE1A644AAC006C936E /* UIImage+ADToolkitAdditions.m */ = {isa = PBXFileReference; fileEncoding = 4; lastKnownFileType = sourcecode.c.objc; name = "UIImage+ADToolkitAdditions.m"; path = "alldayDO/code/support/category/UIImage+ADToolkitAdditions.m"; sourceTree = SOURCE_ROOT; };
		706616FF1A644AAC006C936E /* NSEntityDescription+ADToolkitAdditions.m */ = {isa = PBXFileReference; fileEncoding = 4; lastKnownFileType = sourcecode.c.objc; name = "NSEntityDescription+ADToolkitAdditions.m"; path = "alldayDO/code/support/category/NSEntityDescription+ADToolkitAdditions.m"; sourceTree = SOURCE_ROOT; };
		706617001A644AAC006C936E /* UIImage+ADToolkitAdditions.h */ = {isa = PBXFileReference; fileEncoding = 4; lastKnownFileType = sourcecode.c.h; name = "UIImage+ADToolkitAdditions.h"; path = "alldayDO/code/support/category/UIImage+ADToolkitAdditions.h"; sourceTree = SOURCE_ROOT; };
		706617011A644AAC006C936E /* UILocalNotification+ADToolkitAdditions.h */ = {isa = PBXFileReference; fileEncoding = 4; lastKnownFileType = sourcecode.c.h; name = "UILocalNotification+ADToolkitAdditions.h"; path = "alldayDO/code/support/category/UILocalNotification+ADToolkitAdditions.h"; sourceTree = SOURCE_ROOT; };
		7077B8761A2E234B00841BE5 /* alldayDO-Bridging-Header.h */ = {isa = PBXFileReference; lastKnownFileType = sourcecode.c.h; path = "alldayDO-Bridging-Header.h"; sourceTree = "<group>"; };
		7077B8791A2E29A800841BE5 /* ADStyleSheet.swift */ = {isa = PBXFileReference; fileEncoding = 4; lastKnownFileType = sourcecode.swift; path = ADStyleSheet.swift; sourceTree = "<group>"; };
		708481E8199BC90B008BF6A5 /* ADDetailReminderViewController.h */ = {isa = PBXFileReference; fileEncoding = 4; lastKnownFileType = sourcecode.c.h; path = ADDetailReminderViewController.h; sourceTree = "<group>"; };
		708481E9199BC90B008BF6A5 /* ADDetailReminderViewController.m */ = {isa = PBXFileReference; fileEncoding = 4; lastKnownFileType = sourcecode.c.objc; path = ADDetailReminderViewController.m; sourceTree = "<group>"; };
		708579361A9A53630039EED8 /* Bolts.framework */ = {isa = PBXFileReference; lastKnownFileType = wrapper.framework; path = Bolts.framework; sourceTree = "<group>"; };
		708579371A9A53630039EED8 /* Parse.framework */ = {isa = PBXFileReference; lastKnownFileType = wrapper.framework; path = Parse.framework; sourceTree = "<group>"; };
		7085793A1A9A539A0039EED8 /* AudioToolbox.framework */ = {isa = PBXFileReference; lastKnownFileType = wrapper.framework; name = AudioToolbox.framework; path = System/Library/Frameworks/AudioToolbox.framework; sourceTree = SDKROOT; };
		7085793C1A9A53A00039EED8 /* CFNetwork.framework */ = {isa = PBXFileReference; lastKnownFileType = wrapper.framework; name = CFNetwork.framework; path = System/Library/Frameworks/CFNetwork.framework; sourceTree = SDKROOT; };
		7085793E1A9A53AF0039EED8 /* CoreLocation.framework */ = {isa = PBXFileReference; lastKnownFileType = wrapper.framework; name = CoreLocation.framework; path = System/Library/Frameworks/CoreLocation.framework; sourceTree = SDKROOT; };
		708579401A9A53B70039EED8 /* MobileCoreServices.framework */ = {isa = PBXFileReference; lastKnownFileType = wrapper.framework; name = MobileCoreServices.framework; path = System/Library/Frameworks/MobileCoreServices.framework; sourceTree = SDKROOT; };
		708579421A9A53BE0039EED8 /* QuartzCore.framework */ = {isa = PBXFileReference; lastKnownFileType = wrapper.framework; name = QuartzCore.framework; path = System/Library/Frameworks/QuartzCore.framework; sourceTree = SDKROOT; };
		708579441A9A53C50039EED8 /* Security.framework */ = {isa = PBXFileReference; lastKnownFileType = wrapper.framework; name = Security.framework; path = System/Library/Frameworks/Security.framework; sourceTree = SDKROOT; };
		708579461A9A53D20039EED8 /* StoreKit.framework */ = {isa = PBXFileReference; lastKnownFileType = wrapper.framework; name = StoreKit.framework; path = System/Library/Frameworks/StoreKit.framework; sourceTree = SDKROOT; };
		708579481A9A53DB0039EED8 /* SystemConfiguration.framework */ = {isa = PBXFileReference; lastKnownFileType = wrapper.framework; name = SystemConfiguration.framework; path = System/Library/Frameworks/SystemConfiguration.framework; sourceTree = SDKROOT; };
		7085794A1A9A53E50039EED8 /* libz.dylib */ = {isa = PBXFileReference; lastKnownFileType = "compiled.mach-o.dylib"; name = libz.dylib; path = usr/lib/libz.dylib; sourceTree = SDKROOT; };
		7085794C1A9A53EF0039EED8 /* libsqlite3.dylib */ = {isa = PBXFileReference; lastKnownFileType = "compiled.mach-o.dylib"; name = libsqlite3.dylib; path = usr/lib/libsqlite3.dylib; sourceTree = SDKROOT; };
		7085794E1A9A5BB90039EED8 /* Social.framework */ = {isa = PBXFileReference; lastKnownFileType = wrapper.framework; name = Social.framework; path = System/Library/Frameworks/Social.framework; sourceTree = SDKROOT; };
		708579501A9A5BBE0039EED8 /* Accounts.framework */ = {isa = PBXFileReference; lastKnownFileType = wrapper.framework; name = Accounts.framework; path = System/Library/Frameworks/Accounts.framework; sourceTree = SDKROOT; };
		70BDEDB71A9EA903006CAAA2 /* alldayDO-Prefix.pch */ = {isa = PBXFileReference; fileEncoding = 4; lastKnownFileType = sourcecode.c.h; path = "alldayDO-Prefix.pch"; sourceTree = "<group>"; };
		70BDEDBB1A9EA989006CAAA2 /* ADToday.h */ = {isa = PBXFileReference; fileEncoding = 4; lastKnownFileType = sourcecode.c.h; path = ADToday.h; sourceTree = "<group>"; };
		70BDEDBC1A9EA989006CAAA2 /* ADToday.m */ = {isa = PBXFileReference; fileEncoding = 4; lastKnownFileType = sourcecode.c.objc; path = ADToday.m; sourceTree = "<group>"; };
		70E33B7F1AA54E4B0084C3C1 /* ADCategoria.h */ = {isa = PBXFileReference; fileEncoding = 4; lastKnownFileType = sourcecode.c.h; name = ADCategoria.h; path = alldayDO/code/model/ADCategoria.h; sourceTree = SOURCE_ROOT; };
		70E33B801AA54E4B0084C3C1 /* ADCategoria.m */ = {isa = PBXFileReference; fileEncoding = 4; lastKnownFileType = sourcecode.c.objc; name = ADCategoria.m; path = alldayDO/code/model/ADCategoria.m; sourceTree = SOURCE_ROOT; };
		70E33B811AA54E4B0084C3C1 /* ADLembrete.h */ = {isa = PBXFileReference; fileEncoding = 4; lastKnownFileType = sourcecode.c.h; name = ADLembrete.h; path = alldayDO/code/model/ADLembrete.h; sourceTree = SOURCE_ROOT; };
		70E33B821AA54E4B0084C3C1 /* ADLembrete.m */ = {isa = PBXFileReference; fileEncoding = 4; lastKnownFileType = sourcecode.c.objc; name = ADLembrete.m; path = alldayDO/code/model/ADLembrete.m; sourceTree = SOURCE_ROOT; };
		70E33B831AA54E4B0084C3C1 /* ADLembreteConfirmado.h */ = {isa = PBXFileReference; fileEncoding = 4; lastKnownFileType = sourcecode.c.h; name = ADLembreteConfirmado.h; path = alldayDO/code/model/ADLembreteConfirmado.h; sourceTree = SOURCE_ROOT; };
		70E33B841AA54E4B0084C3C1 /* ADLembreteConfirmado.m */ = {isa = PBXFileReference; fileEncoding = 4; lastKnownFileType = sourcecode.c.objc; name = ADLembreteConfirmado.m; path = alldayDO/code/model/ADLembreteConfirmado.m; sourceTree = SOURCE_ROOT; };
		70E6FBF419BF30E000AF3CF8 /* ADAuthorsViewController.h */ = {isa = PBXFileReference; fileEncoding = 4; lastKnownFileType = sourcecode.c.h; path = ADAuthorsViewController.h; sourceTree = "<group>"; };
		70E6FBF519BF30E000AF3CF8 /* ADAuthorsViewController.m */ = {isa = PBXFileReference; fileEncoding = 4; lastKnownFileType = sourcecode.c.objc; path = ADAuthorsViewController.m; sourceTree = "<group>"; };
		70F105FC1A9E9EB00042EBD5 /* alldayDOToday.appex */ = {isa = PBXFileReference; explicitFileType = "wrapper.app-extension"; includeInIndex = 0; path = alldayDOToday.appex; sourceTree = BUILT_PRODUCTS_DIR; };
		70F106001A9E9EB00042EBD5 /* Info.plist */ = {isa = PBXFileReference; lastKnownFileType = text.plist.xml; path = Info.plist; sourceTree = "<group>"; };
		70F106011A9E9EB00042EBD5 /* TodayViewController.swift */ = {isa = PBXFileReference; lastKnownFileType = sourcecode.swift; path = TodayViewController.swift; sourceTree = "<group>"; };
		70F106031A9E9EB00042EBD5 /* MainInterface.storyboard */ = {isa = PBXFileReference; lastKnownFileType = file.storyboard; path = MainInterface.storyboard; sourceTree = "<group>"; };
		70F88D791AA006A000BAEF33 /* INSLabelPullToRefresh.h */ = {isa = PBXFileReference; fileEncoding = 4; lastKnownFileType = sourcecode.c.h; path = INSLabelPullToRefresh.h; sourceTree = "<group>"; };
		70F88D7A1AA006A000BAEF33 /* INSLabelPullToRefresh.m */ = {isa = PBXFileReference; fileEncoding = 4; lastKnownFileType = sourcecode.c.objc; path = INSLabelPullToRefresh.m; sourceTree = "<group>"; };
		71018AA1192960C000660C17 /* ADEditReminderViewController.h */ = {isa = PBXFileReference; fileEncoding = 4; lastKnownFileType = sourcecode.c.h; path = ADEditReminderViewController.h; sourceTree = "<group>"; };
		71018AA2192960C000660C17 /* ADEditReminderViewController.m */ = {isa = PBXFileReference; fileEncoding = 4; lastKnownFileType = sourcecode.c.objc; path = ADEditReminderViewController.m; sourceTree = "<group>"; };
		711F983E198DA9700097AA22 /* NSDateFormatter+ADToolkitAdditions.h */ = {isa = PBXFileReference; fileEncoding = 4; lastKnownFileType = sourcecode.c.h; path = "NSDateFormatter+ADToolkitAdditions.h"; sourceTree = "<group>"; };
		711F983F198DA9700097AA22 /* NSDateFormatter+ADToolkitAdditions.m */ = {isa = PBXFileReference; fileEncoding = 4; lastKnownFileType = sourcecode.c.objc; path = "NSDateFormatter+ADToolkitAdditions.m"; sourceTree = "<group>"; };
		711F9844198DAB310097AA22 /* NSDateComponents+ADToolkitAdditions.h */ = {isa = PBXFileReference; fileEncoding = 4; lastKnownFileType = sourcecode.c.h; path = "NSDateComponents+ADToolkitAdditions.h"; sourceTree = "<group>"; };
		711F9845198DAB310097AA22 /* NSDateComponents+ADToolkitAdditions.m */ = {isa = PBXFileReference; fileEncoding = 4; lastKnownFileType = sourcecode.c.objc; path = "NSDateComponents+ADToolkitAdditions.m"; sourceTree = "<group>"; };
		711F9847198DAB700097AA22 /* NSString+ADToolkitAdditions.h */ = {isa = PBXFileReference; fileEncoding = 4; lastKnownFileType = sourcecode.c.h; path = "NSString+ADToolkitAdditions.h"; sourceTree = "<group>"; };
		711F9848198DAB700097AA22 /* NSString+ADToolkitAdditions.m */ = {isa = PBXFileReference; fileEncoding = 4; lastKnownFileType = sourcecode.c.objc; path = "NSString+ADToolkitAdditions.m"; sourceTree = "<group>"; };
		7130CD67194369C6009AF8D8 /* ADToolkitAdditions.h */ = {isa = PBXFileReference; lastKnownFileType = sourcecode.c.h; path = ADToolkitAdditions.h; sourceTree = "<group>"; };
		7130CD6E1943B0AF009AF8D8 /* ADReminderCell.h */ = {isa = PBXFileReference; fileEncoding = 4; lastKnownFileType = sourcecode.c.h; path = ADReminderCell.h; sourceTree = "<group>"; };
		713B9BA319CF79E300F253C8 /* ADWalkthrough.h */ = {isa = PBXFileReference; fileEncoding = 4; lastKnownFileType = sourcecode.c.h; path = ADWalkthrough.h; sourceTree = "<group>"; };
		713B9BA419CF79E300F253C8 /* ADWalkthrough.m */ = {isa = PBXFileReference; fileEncoding = 4; lastKnownFileType = sourcecode.c.objc; path = ADWalkthrough.m; sourceTree = "<group>"; };
		71507BD41947F50300884B46 /* ADEditReminderViewControllerDelegate.h */ = {isa = PBXFileReference; lastKnownFileType = sourcecode.c.h; path = ADEditReminderViewControllerDelegate.h; sourceTree = "<group>"; };
		716A346E19CB90660069189E /* GAI+ADToolkitAdditions.h */ = {isa = PBXFileReference; fileEncoding = 4; lastKnownFileType = sourcecode.c.h; path = "GAI+ADToolkitAdditions.h"; sourceTree = "<group>"; };
		716A346F19CB90660069189E /* GAI+ADToolkitAdditions.m */ = {isa = PBXFileReference; fileEncoding = 4; lastKnownFileType = sourcecode.c.objc; path = "GAI+ADToolkitAdditions.m"; sourceTree = "<group>"; };
		718D9EC01A436C8400E900D1 /* NotificationCenter.framework */ = {isa = PBXFileReference; lastKnownFileType = wrapper.framework; name = NotificationCenter.framework; path = System/Library/Frameworks/NotificationCenter.framework; sourceTree = SDKROOT; };
		718D9ED11A43717A00E900D1 /* ADTodayCell.swift */ = {isa = PBXFileReference; fileEncoding = 4; lastKnownFileType = sourcecode.swift; name = ADTodayCell.swift; path = "../alldayDO Widget/ADTodayCell.swift"; sourceTree = "<group>"; };
		718FB1BD1A349D320059F1B2 /* ADBadgeImageView.swift */ = {isa = PBXFileReference; fileEncoding = 4; lastKnownFileType = sourcecode.swift; path = ADBadgeImageView.swift; sourceTree = "<group>"; };
		718FB1C11A35344B0059F1B2 /* ADIconCell.swift */ = {isa = PBXFileReference; fileEncoding = 4; lastKnownFileType = sourcecode.swift; path = ADIconCell.swift; sourceTree = "<group>"; };
		71990A9D19A8153D0056C17C /* ADLocalNotification.h */ = {isa = PBXFileReference; fileEncoding = 4; lastKnownFileType = sourcecode.c.h; path = ADLocalNotification.h; sourceTree = "<group>"; };
		71990A9E19A8153D0056C17C /* ADLocalNotification.m */ = {isa = PBXFileReference; fileEncoding = 4; lastKnownFileType = sourcecode.c.objc; path = ADLocalNotification.m; sourceTree = "<group>"; };
		71A2A7A01A43B5F20026F01B /* ADDetailReminderViewModel.h */ = {isa = PBXFileReference; fileEncoding = 4; lastKnownFileType = sourcecode.c.h; path = ADDetailReminderViewModel.h; sourceTree = "<group>"; };
		71A2A7A11A43B5F20026F01B /* ADDetailReminderViewModel.m */ = {isa = PBXFileReference; fileEncoding = 4; lastKnownFileType = sourcecode.c.objc; path = ADDetailReminderViewModel.m; sourceTree = "<group>"; };
		71A2A7A21A43B5F20026F01B /* ADEditReminderViewModel.h */ = {isa = PBXFileReference; fileEncoding = 4; lastKnownFileType = sourcecode.c.h; path = ADEditReminderViewModel.h; sourceTree = "<group>"; };
		71A2A7A31A43B5F20026F01B /* ADEditReminderViewModel.m */ = {isa = PBXFileReference; fileEncoding = 4; lastKnownFileType = sourcecode.c.objc; path = ADEditReminderViewModel.m; sourceTree = "<group>"; };
		71A2A7A41A43B5F20026F01B /* ADRemindersViewModel.h */ = {isa = PBXFileReference; fileEncoding = 4; lastKnownFileType = sourcecode.c.h; path = ADRemindersViewModel.h; sourceTree = "<group>"; };
		71A2A7A51A43B5F20026F01B /* ADRemindersViewModel.m */ = {isa = PBXFileReference; fileEncoding = 4; lastKnownFileType = sourcecode.c.objc; path = ADRemindersViewModel.m; sourceTree = "<group>"; };
		71ABE85E19BA7C5000161DE3 /* pt */ = {isa = PBXFileReference; lastKnownFileType = text.plist.strings; name = pt; path = pt.lproj/Localizable.strings; sourceTree = "<group>"; };
		71ABE85F19BA7C5700161DE3 /* en */ = {isa = PBXFileReference; lastKnownFileType = text.plist.strings; name = en; path = en.lproj/Localizable.strings; sourceTree = "<group>"; };
		71B65C9A1A48F74000C36884 /* alldayDO.entitlements */ = {isa = PBXFileReference; lastKnownFileType = text.xml; path = alldayDO.entitlements; sourceTree = "<group>"; };
		71B96AFE194D4DC90042023E /* ADAppDelegate.h */ = {isa = PBXFileReference; fileEncoding = 4; lastKnownFileType = sourcecode.c.h; path = ADAppDelegate.h; sourceTree = "<group>"; };
		71B96AFF194D4DC90042023E /* ADAppDelegate.m */ = {isa = PBXFileReference; fileEncoding = 4; lastKnownFileType = sourcecode.c.objc; path = ADAppDelegate.m; sourceTree = "<group>"; };
		71BBFF5919BA842200BFF5FA /* Storyboard.storyboard */ = {isa = PBXFileReference; fileEncoding = 4; lastKnownFileType = file.storyboard; path = Storyboard.storyboard; sourceTree = "<group>"; };
		71BBFF5B19BAB8FF00BFF5FA /* ADAboutViewController.h */ = {isa = PBXFileReference; fileEncoding = 4; lastKnownFileType = sourcecode.c.h; path = ADAboutViewController.h; sourceTree = "<group>"; };
		71BBFF5C19BAB8FF00BFF5FA /* ADAboutViewController.m */ = {isa = PBXFileReference; fileEncoding = 4; lastKnownFileType = sourcecode.c.objc; path = ADAboutViewController.m; sourceTree = "<group>"; };
		71D28AFE19294F970047F291 /* alldayDO.app */ = {isa = PBXFileReference; explicitFileType = wrapper.application; includeInIndex = 0; path = alldayDO.app; sourceTree = BUILT_PRODUCTS_DIR; };
		71D28B0119294F970047F291 /* Foundation.framework */ = {isa = PBXFileReference; lastKnownFileType = wrapper.framework; name = Foundation.framework; path = System/Library/Frameworks/Foundation.framework; sourceTree = SDKROOT; };
		71D28B0319294F970047F291 /* CoreGraphics.framework */ = {isa = PBXFileReference; lastKnownFileType = wrapper.framework; name = CoreGraphics.framework; path = System/Library/Frameworks/CoreGraphics.framework; sourceTree = SDKROOT; };
		71D28B0519294F970047F291 /* UIKit.framework */ = {isa = PBXFileReference; lastKnownFileType = wrapper.framework; name = UIKit.framework; path = System/Library/Frameworks/UIKit.framework; sourceTree = SDKROOT; };
		71D28B0719294F970047F291 /* CoreData.framework */ = {isa = PBXFileReference; lastKnownFileType = wrapper.framework; name = CoreData.framework; path = System/Library/Frameworks/CoreData.framework; sourceTree = SDKROOT; };
		71D28B0B19294F970047F291 /* alldayDO-Info.plist */ = {isa = PBXFileReference; lastKnownFileType = text.plist.xml; path = "alldayDO-Info.plist"; sourceTree = "<group>"; };
		71D28B0F19294F970047F291 /* main.m */ = {isa = PBXFileReference; lastKnownFileType = sourcecode.c.objc; path = main.m; sourceTree = "<group>"; };
		71D28B1619294F970047F291 /* alldayDO.xcdatamodel */ = {isa = PBXFileReference; lastKnownFileType = wrapper.xcdatamodel; path = alldayDO.xcdatamodel; sourceTree = "<group>"; };
		71D28B1819294F970047F291 /* Images.xcassets */ = {isa = PBXFileReference; lastKnownFileType = folder.assetcatalog; path = Images.xcassets; sourceTree = "<group>"; };
		71D28B2819294F980047F291 /* alldayDOTests-Info.plist */ = {isa = PBXFileReference; lastKnownFileType = text.plist.xml; path = "alldayDOTests-Info.plist"; sourceTree = "<group>"; };
		71D28B2C19294F980047F291 /* alldayDOTests.m */ = {isa = PBXFileReference; lastKnownFileType = sourcecode.c.objc; path = alldayDOTests.m; sourceTree = "<group>"; };
		71D8E6651A45057200A5B9BC /* alldayDOKit.framework */ = {isa = PBXFileReference; explicitFileType = wrapper.framework; includeInIndex = 0; path = alldayDOKit.framework; sourceTree = BUILT_PRODUCTS_DIR; };
		71D8E6681A45057200A5B9BC /* Info.plist */ = {isa = PBXFileReference; lastKnownFileType = text.plist.xml; path = Info.plist; sourceTree = "<group>"; };
		71D8E6691A45057200A5B9BC /* alldayDOKit.h */ = {isa = PBXFileReference; lastKnownFileType = sourcecode.c.h; path = alldayDOKit.h; sourceTree = "<group>"; };
		71D8E66F1A45057200A5B9BC /* alldayDOKitTests.xctest */ = {isa = PBXFileReference; explicitFileType = wrapper.cfbundle; includeInIndex = 0; path = alldayDOKitTests.xctest; sourceTree = BUILT_PRODUCTS_DIR; };
		71D8E6771A45057200A5B9BC /* Info.plist */ = {isa = PBXFileReference; lastKnownFileType = text.plist.xml; path = Info.plist; sourceTree = "<group>"; };
		71D8E6781A45057200A5B9BC /* alldayDOKitTests.m */ = {isa = PBXFileReference; lastKnownFileType = sourcecode.c.objc; path = alldayDOKitTests.m; sourceTree = "<group>"; };
		71DD14E8197DD46C003F9059 /* ADReminderCell.m */ = {isa = PBXFileReference; fileEncoding = 4; lastKnownFileType = sourcecode.c.objc; path = ADReminderCell.m; sourceTree = "<group>"; };
		71E18B92198C59E2007C7467 /* Crashlytics.framework */ = {isa = PBXFileReference; lastKnownFileType = wrapper.framework; path = Crashlytics.framework; sourceTree = "<group>"; };
		71E9325319401803007C96D4 /* ADRemindersViewController.h */ = {isa = PBXFileReference; fileEncoding = 4; lastKnownFileType = sourcecode.c.h; path = ADRemindersViewController.h; sourceTree = "<group>"; };
		71E9325419401803007C96D4 /* ADRemindersViewController.m */ = {isa = PBXFileReference; fileEncoding = 4; lastKnownFileType = sourcecode.c.objc; path = ADRemindersViewController.m; sourceTree = "<group>"; };
		7A886D478D3C0BAC779D5179 /* Pods.release.xcconfig */ = {isa = PBXFileReference; includeInIndex = 1; lastKnownFileType = text.xcconfig; name = Pods.release.xcconfig; path = "Pods/Target Support Files/Pods/Pods.release.xcconfig"; sourceTree = "<group>"; };
		C342DAE7F9404DE4B305DC50 /* libPods.a */ = {isa = PBXFileReference; explicitFileType = archive.ar; includeInIndex = 0; path = libPods.a; sourceTree = BUILT_PRODUCTS_DIR; };
		F0B6814DDCACB0F14E9DC045 /* Pods.debug.xcconfig */ = {isa = PBXFileReference; includeInIndex = 1; lastKnownFileType = text.xcconfig; name = Pods.debug.xcconfig; path = "Pods/Target Support Files/Pods/Pods.debug.xcconfig"; sourceTree = "<group>"; };
/* End PBXFileReference section */

/* Begin PBXFrameworksBuildPhase section */
		70F105F91A9E9EB00042EBD5 /* Frameworks */ = {
			isa = PBXFrameworksBuildPhase;
			buildActionMask = 2147483647;
			files = (
				70F1060B1A9E9F830042EBD5 /* alldayDOKit.framework in Frameworks */,
				70F105FD1A9E9EB00042EBD5 /* NotificationCenter.framework in Frameworks */,
			);
			runOnlyForDeploymentPostprocessing = 0;
		};
		71D28AFB19294F970047F291 /* Frameworks */ = {
			isa = PBXFrameworksBuildPhase;
			buildActionMask = 2147483647;
			files = (
				708579511A9A5BBE0039EED8 /* Accounts.framework in Frameworks */,
				7085794F1A9A5BB90039EED8 /* Social.framework in Frameworks */,
				7085794D1A9A53EF0039EED8 /* libsqlite3.dylib in Frameworks */,
				7085794B1A9A53E50039EED8 /* libz.dylib in Frameworks */,
				708579491A9A53DB0039EED8 /* SystemConfiguration.framework in Frameworks */,
				708579471A9A53D20039EED8 /* StoreKit.framework in Frameworks */,
				708579451A9A53C50039EED8 /* Security.framework in Frameworks */,
				708579431A9A53BE0039EED8 /* QuartzCore.framework in Frameworks */,
				708579411A9A53B70039EED8 /* MobileCoreServices.framework in Frameworks */,
				7085793F1A9A53AF0039EED8 /* CoreLocation.framework in Frameworks */,
				71D28B0419294F970047F291 /* CoreGraphics.framework in Frameworks */,
				7085793D1A9A53A00039EED8 /* CFNetwork.framework in Frameworks */,
				7085793B1A9A539A0039EED8 /* AudioToolbox.framework in Frameworks */,
				71D28B0819294F970047F291 /* CoreData.framework in Frameworks */,
				71D28B0619294F970047F291 /* UIKit.framework in Frameworks */,
				71D28B0219294F970047F291 /* Foundation.framework in Frameworks */,
				71E18B93198C59E2007C7467 /* Crashlytics.framework in Frameworks */,
				1D426D31DE0E46E59F50DDC7 /* libPods.a in Frameworks */,
				708579391A9A53630039EED8 /* Parse.framework in Frameworks */,
				708579381A9A53630039EED8 /* Bolts.framework in Frameworks */,
			);
			runOnlyForDeploymentPostprocessing = 0;
		};
		71D8E6611A45057200A5B9BC /* Frameworks */ = {
			isa = PBXFrameworksBuildPhase;
			buildActionMask = 2147483647;
			files = (
				7066170D1A644BD9006C936E /* CoreData.framework in Frameworks */,
			);
			runOnlyForDeploymentPostprocessing = 0;
		};
		71D8E66C1A45057200A5B9BC /* Frameworks */ = {
			isa = PBXFrameworksBuildPhase;
			buildActionMask = 2147483647;
			files = (
				71D8E6701A45057200A5B9BC /* alldayDOKit.framework in Frameworks */,
			);
			runOnlyForDeploymentPostprocessing = 0;
		};
/* End PBXFrameworksBuildPhase section */

/* Begin PBXGroup section */
		70BDEDBA1A9EA95B006CAAA2 /* ViewModel */ = {
			isa = PBXGroup;
			children = (
				70BDEDBB1A9EA989006CAAA2 /* ADToday.h */,
				70BDEDBC1A9EA989006CAAA2 /* ADToday.m */,
			);
			name = ViewModel;
			path = viewModel;
			sourceTree = "<group>";
		};
		70F105FE1A9E9EB00042EBD5 /* alldayDOToday */ = {
			isa = PBXGroup;
			children = (
				718D9ED11A43717A00E900D1 /* ADTodayCell.swift */,
				701F65711A9EB2FC005E3EB6 /* alldayDOToday.entitlements */,
				70F106031A9E9EB00042EBD5 /* MainInterface.storyboard */,
				70F105FF1A9E9EB00042EBD5 /* Supporting Files */,
				70F106011A9E9EB00042EBD5 /* TodayViewController.swift */,
			);
			path = alldayDOToday;
			sourceTree = "<group>";
		};
		70F105FF1A9E9EB00042EBD5 /* Supporting Files */ = {
			isa = PBXGroup;
			children = (
				70F106001A9E9EB00042EBD5 /* Info.plist */,
			);
			name = "Supporting Files";
			sourceTree = "<group>";
		};
		70F88D781AA0066B00BAEF33 /* INSLabelPullToRefresh */ = {
			isa = PBXGroup;
			children = (
				70F88D791AA006A000BAEF33 /* INSLabelPullToRefresh.h */,
				70F88D7A1AA006A000BAEF33 /* INSLabelPullToRefresh.m */,
			);
			path = INSLabelPullToRefresh;
			sourceTree = "<group>";
		};
		71018AAA192967D500660C17 /* Support */ = {
			isa = PBXGroup;
			children = (
				71507BD11947F38100884B46 /* Delegate */,
				71018AAB192967F300660C17 /* Category */,
			);
			name = Support;
			path = support;
			sourceTree = "<group>";
		};
		71018AAB192967F300660C17 /* Category */ = {
			isa = PBXGroup;
			children = (
				7130CD67194369C6009AF8D8 /* ADToolkitAdditions.h */,
				711F983E198DA9700097AA22 /* NSDateFormatter+ADToolkitAdditions.h */,
				711F983F198DA9700097AA22 /* NSDateFormatter+ADToolkitAdditions.m */,
				706616FD1A644AAC006C936E /* NSEntityDescription+ADToolkitAdditions.h */,
				706616FF1A644AAC006C936E /* NSEntityDescription+ADToolkitAdditions.m */,
				706616F81A644AAC006C936E /* ADLembrete+ADToolkitAdditions.h */,
				706616FC1A644AAC006C936E /* UILocalNotification+ADToolkitAdditions.m */,
				706617011A644AAC006C936E /* UILocalNotification+ADToolkitAdditions.h */,
				706616F91A644AAC006C936E /* ADLembrete+ADToolkitAdditions.m */,
				711F9847198DAB700097AA22 /* NSString+ADToolkitAdditions.h */,
				711F9848198DAB700097AA22 /* NSString+ADToolkitAdditions.m */,
				711F9844198DAB310097AA22 /* NSDateComponents+ADToolkitAdditions.h */,
				711F9845198DAB310097AA22 /* NSDateComponents+ADToolkitAdditions.m */,
				716A346E19CB90660069189E /* GAI+ADToolkitAdditions.h */,
				716A346F19CB90660069189E /* GAI+ADToolkitAdditions.m */,
			);
			name = Category;
			path = category;
			sourceTree = "<group>";
		};
		7133A1C51A43D84C0010BA36 /* Category */ = {
			isa = PBXGroup;
			children = (
				706616FA1A644AAC006C936E /* NSDate+ADToolkitAdditions.h */,
				706616FB1A644AAC006C936E /* NSDate+ADToolkitAdditions.m */,
				706617001A644AAC006C936E /* UIImage+ADToolkitAdditions.h */,
				706616FE1A644AAC006C936E /* UIImage+ADToolkitAdditions.m */,
			);
			name = Category;
			path = ../WidgetKit;
			sourceTree = "<group>";
		};
		71507BD11947F38100884B46 /* Delegate */ = {
			isa = PBXGroup;
			children = (
				71507BD41947F50300884B46 /* ADEditReminderViewControllerDelegate.h */,
			);
			name = Delegate;
			path = delegate;
			sourceTree = "<group>";
		};
		71A2A79F1A43B5DD0026F01B /* ViewModel */ = {
			isa = PBXGroup;
			children = (
				71A2A7A41A43B5F20026F01B /* ADRemindersViewModel.h */,
				71A2A7A51A43B5F20026F01B /* ADRemindersViewModel.m */,
				71A2A7A01A43B5F20026F01B /* ADDetailReminderViewModel.h */,
				71A2A7A11A43B5F20026F01B /* ADDetailReminderViewModel.m */,
				71A2A7A21A43B5F20026F01B /* ADEditReminderViewModel.h */,
				71A2A7A31A43B5F20026F01B /* ADEditReminderViewModel.m */,
			);
			name = ViewModel;
			path = "alldayDO/code/view model";
			sourceTree = SOURCE_ROOT;
		};
		71D28AF519294F970047F291 = {
			isa = PBXGroup;
			children = (
				71D28B0919294F970047F291 /* alldayDO */,
				71D8E6661A45057200A5B9BC /* alldayDOKit */,
				71D8E6751A45057200A5B9BC /* alldayDOKitTests */,
				71D28B2619294F980047F291 /* alldayDOTests */,
				70F105FE1A9E9EB00042EBD5 /* alldayDOToday */,
				71D28B0019294F970047F291 /* Frameworks */,
				7BE2225439765A2C42DE27F3 /* Pods */,
				71D28AFF19294F970047F291 /* Products */,
			);
			sourceTree = "<group>";
		};
		71D28AFF19294F970047F291 /* Products */ = {
			isa = PBXGroup;
			children = (
				71D28AFE19294F970047F291 /* alldayDO.app */,
				71D8E6651A45057200A5B9BC /* alldayDOKit.framework */,
				71D8E66F1A45057200A5B9BC /* alldayDOKitTests.xctest */,
				70F105FC1A9E9EB00042EBD5 /* alldayDOToday.appex */,
			);
			name = Products;
			sourceTree = "<group>";
		};
		71D28B0019294F970047F291 /* Frameworks */ = {
			isa = PBXGroup;
			children = (
				708579501A9A5BBE0039EED8 /* Accounts.framework */,
				7085794E1A9A5BB90039EED8 /* Social.framework */,
				7085794C1A9A53EF0039EED8 /* libsqlite3.dylib */,
				7085794A1A9A53E50039EED8 /* libz.dylib */,
				708579481A9A53DB0039EED8 /* SystemConfiguration.framework */,
				708579461A9A53D20039EED8 /* StoreKit.framework */,
				708579441A9A53C50039EED8 /* Security.framework */,
				708579421A9A53BE0039EED8 /* QuartzCore.framework */,
				708579401A9A53B70039EED8 /* MobileCoreServices.framework */,
				7085793E1A9A53AF0039EED8 /* CoreLocation.framework */,
				7085793C1A9A53A00039EED8 /* CFNetwork.framework */,
				7085793A1A9A539A0039EED8 /* AudioToolbox.framework */,
				708579361A9A53630039EED8 /* Bolts.framework */,
				708579371A9A53630039EED8 /* Parse.framework */,
				71E18B92198C59E2007C7467 /* Crashlytics.framework */,
				71D28B0119294F970047F291 /* Foundation.framework */,
				71D28B0319294F970047F291 /* CoreGraphics.framework */,
				71D28B0519294F970047F291 /* UIKit.framework */,
				71D28B0719294F970047F291 /* CoreData.framework */,
				C342DAE7F9404DE4B305DC50 /* libPods.a */,
				718D9EC01A436C8400E900D1 /* NotificationCenter.framework */,
			);
			name = Frameworks;
			sourceTree = "<group>";
		};
		71D28B0919294F970047F291 /* alldayDO */ = {
			isa = PBXGroup;
			children = (
				71B65C9A1A48F74000C36884 /* alldayDO.entitlements */,
				71D28B36192950480047F291 /* Code */,
				71D28B1819294F970047F291 /* Images.xcassets */,
				71D28B0A19294F970047F291 /* Supporting Files */,
			);
			path = alldayDO;
			sourceTree = "<group>";
		};
		71D28B0A19294F970047F291 /* Supporting Files */ = {
			isa = PBXGroup;
			children = (
				71D28B0B19294F970047F291 /* alldayDO-Info.plist */,
				70BDEDB71A9EA903006CAAA2 /* alldayDO-Prefix.pch */,
				71ABE85D19BA7C4800161DE3 /* Localizable.strings */,
				71D28B0F19294F970047F291 /* main.m */,
			);
			name = "Supporting Files";
			sourceTree = "<group>";
		};
		71D28B2619294F980047F291 /* alldayDOTests */ = {
			isa = PBXGroup;
			children = (
				71D28B2C19294F980047F291 /* alldayDOTests.m */,
				71D28B2719294F980047F291 /* Supporting Files */,
			);
			path = alldayDOTests;
			sourceTree = "<group>";
		};
		71D28B2719294F980047F291 /* Supporting Files */ = {
			isa = PBXGroup;
			children = (
				71D28B2819294F980047F291 /* alldayDOTests-Info.plist */,
			);
			name = "Supporting Files";
			sourceTree = "<group>";
		};
		71D28B36192950480047F291 /* Code */ = {
			isa = PBXGroup;
			children = (
				71D28B37192950700047F291 /* Controller */,
				71D28B3C1929513F0047F291 /* Model */,
				71D28B3B1929510A0047F291 /* Others */,
				71018AAA192967D500660C17 /* Support */,
				71D28B3D192954950047F291 /* View */,
				71A2A79F1A43B5DD0026F01B /* ViewModel */,
			);
			name = Code;
			path = code;
			sourceTree = "<group>";
		};
		71D28B37192950700047F291 /* Controller */ = {
			isa = PBXGroup;
			children = (
				71018AA1192960C000660C17 /* ADEditReminderViewController.h */,
				71018AA2192960C000660C17 /* ADEditReminderViewController.m */,
				71E9325319401803007C96D4 /* ADRemindersViewController.h */,
				71E9325419401803007C96D4 /* ADRemindersViewController.m */,
				708481E8199BC90B008BF6A5 /* ADDetailReminderViewController.h */,
				708481E9199BC90B008BF6A5 /* ADDetailReminderViewController.m */,
				71BBFF5B19BAB8FF00BFF5FA /* ADAboutViewController.h */,
				71BBFF5C19BAB8FF00BFF5FA /* ADAboutViewController.m */,
				70E6FBF419BF30E000AF3CF8 /* ADAuthorsViewController.h */,
				70E6FBF519BF30E000AF3CF8 /* ADAuthorsViewController.m */,
				705952B51AA929220018385B /* ADSettingsTableViewController.h */,
				705952B61AA929220018385B /* ADSettingsTableViewController.m */,
			);
			name = Controller;
			path = controller;
			sourceTree = "<group>";
		};
		71D28B3B1929510A0047F291 /* Others */ = {
			isa = PBXGroup;
			children = (
				70F88D781AA0066B00BAEF33 /* INSLabelPullToRefresh */,
				71B96AFE194D4DC90042023E /* ADAppDelegate.h */,
				71B96AFF194D4DC90042023E /* ADAppDelegate.m */,
				7077B8791A2E29A800841BE5 /* ADStyleSheet.swift */,
				7077B8761A2E234B00841BE5 /* alldayDO-Bridging-Header.h */,
			);
			name = Others;
			path = others;
			sourceTree = "<group>";
		};
		71D28B3C1929513F0047F291 /* Model */ = {
			isa = PBXGroup;
			children = (
				71D28B1519294F970047F291 /* alldayDO.xcdatamodeld */,
				71990A9D19A8153D0056C17C /* ADLocalNotification.h */,
				71990A9E19A8153D0056C17C /* ADLocalNotification.m */,
			);
			name = Model;
			path = model;
			sourceTree = "<group>";
		};
		71D28B3D192954950047F291 /* View */ = {
			isa = PBXGroup;
			children = (
				71BBFF5919BA842200BFF5FA /* Storyboard.storyboard */,
				718FB1BD1A349D320059F1B2 /* ADBadgeImageView.swift */,
				718FB1C11A35344B0059F1B2 /* ADIconCell.swift */,
				7130CD6E1943B0AF009AF8D8 /* ADReminderCell.h */,
				71DD14E8197DD46C003F9059 /* ADReminderCell.m */,
				713B9BA319CF79E300F253C8 /* ADWalkthrough.h */,
				713B9BA419CF79E300F253C8 /* ADWalkthrough.m */,
			);
			name = View;
			path = view;
			sourceTree = "<group>";
		};
		71D8E65F1A44FC4500A5B9BC /* Model */ = {
			isa = PBXGroup;
			children = (
				70E33B7F1AA54E4B0084C3C1 /* ADCategoria.h */,
				70E33B801AA54E4B0084C3C1 /* ADCategoria.m */,
				70E33B811AA54E4B0084C3C1 /* ADLembrete.h */,
				70E33B821AA54E4B0084C3C1 /* ADLembrete.m */,
				70E33B831AA54E4B0084C3C1 /* ADLembreteConfirmado.h */,
				70E33B841AA54E4B0084C3C1 /* ADLembreteConfirmado.m */,
				706616E71A644A57006C936E /* ADModel.h */,
				706616E81A644A57006C936E /* ADModel.m */,
				705952AE1AA924190018385B /* ADSettings.h */,
				705952AF1AA924190018385B /* ADSettings.m */,
			);
			name = Model;
			path = ../WidgetKit;
			sourceTree = "<group>";
		};
		71D8E6661A45057200A5B9BC /* alldayDOKit */ = {
			isa = PBXGroup;
			children = (
				71D8E6691A45057200A5B9BC /* alldayDOKit.h */,
				7133A1C51A43D84C0010BA36 /* Category */,
				71D8E65F1A44FC4500A5B9BC /* Model */,
				71D8E6671A45057200A5B9BC /* Supporting Files */,
				70BDEDBA1A9EA95B006CAAA2 /* ViewModel */,
			);
			path = alldayDOKit;
			sourceTree = "<group>";
		};
		71D8E6671A45057200A5B9BC /* Supporting Files */ = {
			isa = PBXGroup;
			children = (
				71D8E6681A45057200A5B9BC /* Info.plist */,
			);
			name = "Supporting Files";
			sourceTree = "<group>";
		};
		71D8E6751A45057200A5B9BC /* alldayDOKitTests */ = {
			isa = PBXGroup;
			children = (
				71D8E6781A45057200A5B9BC /* alldayDOKitTests.m */,
				71D8E6761A45057200A5B9BC /* Supporting Files */,
			);
			path = alldayDOKitTests;
			sourceTree = "<group>";
		};
		71D8E6761A45057200A5B9BC /* Supporting Files */ = {
			isa = PBXGroup;
			children = (
				71D8E6771A45057200A5B9BC /* Info.plist */,
			);
			name = "Supporting Files";
			sourceTree = "<group>";
		};
		7BE2225439765A2C42DE27F3 /* Pods */ = {
			isa = PBXGroup;
			children = (
				F0B6814DDCACB0F14E9DC045 /* Pods.debug.xcconfig */,
				7A886D478D3C0BAC779D5179 /* Pods.release.xcconfig */,
			);
			name = Pods;
			sourceTree = "<group>";
		};
/* End PBXGroup section */

/* Begin PBXHeadersBuildPhase section */
		71D8E6621A45057200A5B9BC /* Headers */ = {
			isa = PBXHeadersBuildPhase;
			buildActionMask = 2147483647;
			files = (
				706617041A644AAC006C936E /* NSDate+ADToolkitAdditions.h in Headers */,
				705952B01AA924190018385B /* ADSettings.h in Headers */,
				70E33B871AA54E4B0084C3C1 /* ADLembrete.h in Headers */,
				706616ED1A644A57006C936E /* ADModel.h in Headers */,
				70E33B851AA54E4B0084C3C1 /* ADCategoria.h in Headers */,
				71D8E66A1A45057200A5B9BC /* alldayDOKit.h in Headers */,
				70E33B891AA54E4B0084C3C1 /* ADLembreteConfirmado.h in Headers */,
				70BDEDBD1A9EA989006CAAA2 /* ADToday.h in Headers */,
				7066170A1A644AAC006C936E /* UIImage+ADToolkitAdditions.h in Headers */,
			);
			runOnlyForDeploymentPostprocessing = 0;
		};
/* End PBXHeadersBuildPhase section */

/* Begin PBXNativeTarget section */
		70F105FB1A9E9EB00042EBD5 /* alldayDOToday */ = {
			isa = PBXNativeTarget;
			buildConfigurationList = 70F106081A9E9EB00042EBD5 /* Build configuration list for PBXNativeTarget "alldayDOToday" */;
			buildPhases = (
				70F105F81A9E9EB00042EBD5 /* Sources */,
				70F105F91A9E9EB00042EBD5 /* Frameworks */,
				70F105FA1A9E9EB00042EBD5 /* Resources */,
			);
			buildRules = (
			);
			dependencies = (
			);
			name = alldayDOToday;
			productName = alldayDOToday;
			productReference = 70F105FC1A9E9EB00042EBD5 /* alldayDOToday.appex */;
			productType = "com.apple.product-type.app-extension";
		};
		71D28AFD19294F970047F291 /* alldayDO */ = {
			isa = PBXNativeTarget;
			buildConfigurationList = 71D28B3019294F980047F291 /* Build configuration list for PBXNativeTarget "alldayDO" */;
			buildPhases = (
				D72F225CB43447B6B95CC01D /* Check Pods Manifest.lock */,
				71D28AFA19294F970047F291 /* Sources */,
				71D28AFB19294F970047F291 /* Frameworks */,
				71D28AFC19294F970047F291 /* Resources */,
				CB0FBEA6EA74429898023F2A /* Copy Pods Resources */,
				711F983A198D9E7D0097AA22 /* ShellScript */,
				OBJCLEANCUSTOMRUNSCRIPTT /* Objective-Clean Run Script */,
				718D9ECF1A436C8400E900D1 /* Embed App Extensions */,
				71A2A7931A43B2A50026F01B /* Embed Frameworks */,
			);
			buildRules = (
			);
			dependencies = (
				7134B6381A7B036E00018621 /* PBXTargetDependency */,
				70F106061A9E9EB00042EBD5 /* PBXTargetDependency */,
			);
			name = alldayDO;
			productName = alldayDO;
			productReference = 71D28AFE19294F970047F291 /* alldayDO.app */;
			productType = "com.apple.product-type.application";
		};
		71D8E6641A45057200A5B9BC /* alldayDOKit */ = {
			isa = PBXNativeTarget;
			buildConfigurationList = 71D8E67E1A45057200A5B9BC /* Build configuration list for PBXNativeTarget "alldayDOKit" */;
			buildPhases = (
				71D8E6601A45057200A5B9BC /* Sources */,
				71D8E6611A45057200A5B9BC /* Frameworks */,
				71D8E6621A45057200A5B9BC /* Headers */,
				71D8E6631A45057200A5B9BC /* Resources */,
			);
			buildRules = (
			);
			dependencies = (
			);
			name = alldayDOKit;
			productName = alldayDOKit;
			productReference = 71D8E6651A45057200A5B9BC /* alldayDOKit.framework */;
			productType = "com.apple.product-type.framework";
		};
		71D8E66E1A45057200A5B9BC /* alldayDOKitTests */ = {
			isa = PBXNativeTarget;
			buildConfigurationList = 71D8E6811A45057200A5B9BC /* Build configuration list for PBXNativeTarget "alldayDOKitTests" */;
			buildPhases = (
				71D8E66B1A45057200A5B9BC /* Sources */,
				71D8E66C1A45057200A5B9BC /* Frameworks */,
				71D8E66D1A45057200A5B9BC /* Resources */,
			);
			buildRules = (
			);
			dependencies = (
				71D8E6721A45057200A5B9BC /* PBXTargetDependency */,
				71D8E6741A45057200A5B9BC /* PBXTargetDependency */,
			);
			name = alldayDOKitTests;
			productName = alldayDOKitTests;
			productReference = 71D8E66F1A45057200A5B9BC /* alldayDOKitTests.xctest */;
			productType = "com.apple.product-type.bundle.unit-test";
		};
/* End PBXNativeTarget section */

/* Begin PBXProject section */
		71D28AF619294F970047F291 /* Project object */ = {
			isa = PBXProject;
			attributes = {
				CLASSPREFIX = AD;
				LastUpgradeCheck = 0610;
				ORGANIZATIONNAME = "Fábio Nogueira ";
				TargetAttributes = {
					70F105FB1A9E9EB00042EBD5 = {
						CreatedOnToolsVersion = 6.1.1;
						DevelopmentTeam = C7Q44C43S9;
						SystemCapabilities = {
							com.apple.ApplicationGroups.iOS = {
								enabled = 1;
							};
						};
					};
					71D28AFD19294F970047F291 = {
						DevelopmentTeam = C7Q44C43S9;
						SystemCapabilities = {
							com.apple.ApplicationGroups.iOS = {
								enabled = 1;
							};
							com.apple.iCloud = {
								enabled = 0;
							};
						};
					};
					71D8E6641A45057200A5B9BC = {
						CreatedOnToolsVersion = 6.1.1;
						DevelopmentTeam = C7Q44C43S9;
					};
					71D8E66E1A45057200A5B9BC = {
						CreatedOnToolsVersion = 6.1.1;
						TestTargetID = 71D28AFD19294F970047F291;
					};
				};
			};
			buildConfigurationList = 71D28AF919294F970047F291 /* Build configuration list for PBXProject "alldayDO" */;
			compatibilityVersion = "Xcode 3.2";
			developmentRegion = English;
			hasScannedForEncodings = 0;
			knownRegions = (
				en,
				pt,
				Base,
				"pt-PT",
				"en-US",
			);
			mainGroup = 71D28AF519294F970047F291;
			productRefGroup = 71D28AFF19294F970047F291 /* Products */;
			projectDirPath = "";
			projectRoot = "";
			targets = (
				71D28AFD19294F970047F291 /* alldayDO */,
				70F105FB1A9E9EB00042EBD5 /* alldayDOToday */,
				71D8E6641A45057200A5B9BC /* alldayDOKit */,
				71D8E66E1A45057200A5B9BC /* alldayDOKitTests */,
			);
		};
/* End PBXProject section */

/* Begin PBXResourcesBuildPhase section */
		70F105FA1A9E9EB00042EBD5 /* Resources */ = {
			isa = PBXResourcesBuildPhase;
			buildActionMask = 2147483647;
			files = (
				70F106041A9E9EB00042EBD5 /* MainInterface.storyboard in Resources */,
			);
			runOnlyForDeploymentPostprocessing = 0;
		};
		71D28AFC19294F970047F291 /* Resources */ = {
			isa = PBXResourcesBuildPhase;
			buildActionMask = 2147483647;
			files = (
				71D28B1919294F970047F291 /* Images.xcassets in Resources */,
				701F65731A9EB35E005E3EB6 /* alldayDOToday.entitlements in Resources */,
				71CC1D9B1A5C9B7600FC3E5B /* alldayDO.entitlements in Resources */,
				71ABE85B19BA7C4800161DE3 /* Localizable.strings in Resources */,
				71BBFF5A19BA842200BFF5FA /* Storyboard.storyboard in Resources */,
			);
			runOnlyForDeploymentPostprocessing = 0;
		};
		71D8E6631A45057200A5B9BC /* Resources */ = {
			isa = PBXResourcesBuildPhase;
			buildActionMask = 2147483647;
			files = (
				71CC1D991A5C9B7500FC3E5B /* alldayDO.entitlements in Resources */,
				710D9C861A60B6D100433069 /* Localizable.strings in Resources */,
				701F65721A9EB35E005E3EB6 /* alldayDOToday.entitlements in Resources */,
			);
			runOnlyForDeploymentPostprocessing = 0;
		};
		71D8E66D1A45057200A5B9BC /* Resources */ = {
			isa = PBXResourcesBuildPhase;
			buildActionMask = 2147483647;
			files = (
			);
			runOnlyForDeploymentPostprocessing = 0;
		};
/* End PBXResourcesBuildPhase section */

/* Begin PBXShellScriptBuildPhase section */
		711F983A198D9E7D0097AA22 /* ShellScript */ = {
			isa = PBXShellScriptBuildPhase;
			buildActionMask = 2147483647;
			files = (
			);
			inputPaths = (
			);
			outputPaths = (
			);
			runOnlyForDeploymentPostprocessing = 0;
			shellPath = /bin/sh;
			shellScript = "./Crashlytics.framework/run ba0eee4e53729a8c93fd47ad94835d6be7ec81c8 2528283f91789f2c490e8cadb68eeecee0135adf9e6e3be669a7ad903559bc6e\n";
		};
		CB0FBEA6EA74429898023F2A /* Copy Pods Resources */ = {
			isa = PBXShellScriptBuildPhase;
			buildActionMask = 2147483647;
			files = (
			);
			inputPaths = (
			);
			name = "Copy Pods Resources";
			outputPaths = (
			);
			runOnlyForDeploymentPostprocessing = 0;
			shellPath = /bin/sh;
			shellScript = "\"${SRCROOT}/Pods/Target Support Files/Pods/Pods-resources.sh\"\n";
			showEnvVarsInLog = 0;
		};
		D72F225CB43447B6B95CC01D /* Check Pods Manifest.lock */ = {
			isa = PBXShellScriptBuildPhase;
			buildActionMask = 2147483647;
			files = (
			);
			inputPaths = (
			);
			name = "Check Pods Manifest.lock";
			outputPaths = (
			);
			runOnlyForDeploymentPostprocessing = 0;
			shellPath = /bin/sh;
			shellScript = "diff \"${PODS_ROOT}/../Podfile.lock\" \"${PODS_ROOT}/Manifest.lock\" > /dev/null\nif [[ $? != 0 ]] ; then\n    cat << EOM\nerror: The sandbox is not in sync with the Podfile.lock. Run 'pod install' or update your CocoaPods installation.\nEOM\n    exit 1\nfi\n";
			showEnvVarsInLog = 0;
		};
		OBJCLEANCUSTOMRUNSCRIPTT /* Objective-Clean Run Script */ = {
			isa = PBXShellScriptBuildPhase;
			buildActionMask = 2147483647;
			files = (
			);
			inputPaths = (
			);
			name = "Objective-Clean Run Script";
			outputPaths = (
			);
			runOnlyForDeploymentPostprocessing = 0;
			shellPath = /bin/bash;
			shellScript = "if [[ -z ${SKIP_OBJCLEAN} || ${SKIP_OBJCLEAN} != 1 ]]; then\nif [[ -d \"${LOCAL_APPS_DIR}/Objective-Clean.app\" ]]; then \n\"${LOCAL_APPS_DIR}\"/Objective-Clean.app/Contents/Resources/ObjClean.app/Contents/MacOS/ObjClean \"${SRCROOT}\"?AD \nelse\necho \"warning: You have to install and set up Objective-Clean to use its features!\" \nfi\nfi";
		};
/* End PBXShellScriptBuildPhase section */

/* Begin PBXSourcesBuildPhase section */
		70F105F81A9E9EB00042EBD5 /* Sources */ = {
			isa = PBXSourcesBuildPhase;
			buildActionMask = 2147483647;
			files = (
				701F65741A9EB4C0005E3EB6 /* alldayDO.xcdatamodeld in Sources */,
				70F1060C1A9EA02E0042EBD5 /* ADTodayCell.swift in Sources */,
				70F106021A9E9EB00042EBD5 /* TodayViewController.swift in Sources */,
			);
			runOnlyForDeploymentPostprocessing = 0;
		};
		71D28AFA19294F970047F291 /* Sources */ = {
			isa = PBXSourcesBuildPhase;
			buildActionMask = 2147483647;
			files = (
				711F9846198DAB310097AA22 /* NSDateComponents+ADToolkitAdditions.m in Sources */,
				711F9840198DA9700097AA22 /* NSDateFormatter+ADToolkitAdditions.m in Sources */,
				71A2A7A61A43B5F20026F01B /* ADDetailReminderViewModel.m in Sources */,
				71A2A7A71A43B5F20026F01B /* ADEditReminderViewModel.m in Sources */,
				718FB1BE1A349D320059F1B2 /* ADBadgeImageView.swift in Sources */,
				716A347019CB90660069189E /* GAI+ADToolkitAdditions.m in Sources */,
				70BDEDB81A9EA929006CAAA2 /* ADRemindersViewModel.m in Sources */,
				708481EA199BC90B008BF6A5 /* ADDetailReminderViewController.m in Sources */,
				711F9849198DAB700097AA22 /* NSString+ADToolkitAdditions.m in Sources */,
				710D9C871A6156C600433069 /* alldayDO.xcdatamodeld in Sources */,
				71DD14E9197DD46C003F9059 /* ADReminderCell.m in Sources */,
				70E6FBF619BF30E000AF3CF8 /* ADAuthorsViewController.m in Sources */,
				71B96B00194D4DC90042023E /* ADAppDelegate.m in Sources */,
				70BDED811A9EA504006CAAA2 /* ADLembrete+ADToolkitAdditions.m in Sources */,
				71018AA3192960C000660C17 /* ADEditReminderViewController.m in Sources */,
				71BBFF5D19BAB8FF00BFF5FA /* ADAboutViewController.m in Sources */,
				70BDEDBF1A9EADFF006CAAA2 /* UILocalNotification+ADToolkitAdditions.m in Sources */,
				718FB1C21A35344B0059F1B2 /* ADIconCell.swift in Sources */,
				70BDEDC01A9EAF35006CAAA2 /* NSEntityDescription+ADToolkitAdditions.m in Sources */,
				70BDEDB91A9EA942006CAAA2 /* ADLocalNotification.m in Sources */,
				7077B87A1A2E29A900841BE5 /* ADStyleSheet.swift in Sources */,
				70F88D7B1AA006A100BAEF33 /* INSLabelPullToRefresh.m in Sources */,
				71D28B1019294F970047F291 /* main.m in Sources */,
				705952B71AA929220018385B /* ADSettingsTableViewController.m in Sources */,
				71E9325519401803007C96D4 /* ADRemindersViewController.m in Sources */,
				713B9BA519CF79E300F253C8 /* ADWalkthrough.m in Sources */,
			);
			runOnlyForDeploymentPostprocessing = 0;
		};
		71D8E6601A45057200A5B9BC /* Sources */ = {
			isa = PBXSourcesBuildPhase;
			buildActionMask = 2147483647;
			files = (
				70BDEDBE1A9EA989006CAAA2 /* ADToday.m in Sources */,
				706617081A644AAC006C936E /* UIImage+ADToolkitAdditions.m in Sources */,
				70E33B881AA54E4B0084C3C1 /* ADLembrete.m in Sources */,
				70E33B861AA54E4B0084C3C1 /* ADCategoria.m in Sources */,
				706617051A644AAC006C936E /* NSDate+ADToolkitAdditions.m in Sources */,
				705952B11AA924190018385B /* ADSettings.m in Sources */,
				70E33B8A1AA54E4B0084C3C1 /* ADLembreteConfirmado.m in Sources */,
				706616EE1A644A57006C936E /* ADModel.m in Sources */,
			);
			runOnlyForDeploymentPostprocessing = 0;
		};
		71D8E66B1A45057200A5B9BC /* Sources */ = {
			isa = PBXSourcesBuildPhase;
			buildActionMask = 2147483647;
			files = (
				71D8E6791A45057200A5B9BC /* alldayDOKitTests.m in Sources */,
			);
			runOnlyForDeploymentPostprocessing = 0;
		};
/* End PBXSourcesBuildPhase section */

/* Begin PBXTargetDependency section */
		70F106061A9E9EB00042EBD5 /* PBXTargetDependency */ = {
			isa = PBXTargetDependency;
			target = 70F105FB1A9E9EB00042EBD5 /* alldayDOToday */;
			targetProxy = 70F106051A9E9EB00042EBD5 /* PBXContainerItemProxy */;
		};
		7134B6381A7B036E00018621 /* PBXTargetDependency */ = {
			isa = PBXTargetDependency;
			target = 71D8E6641A45057200A5B9BC /* alldayDOKit */;
			targetProxy = 7134B6371A7B036E00018621 /* PBXContainerItemProxy */;
		};
		71D8E6721A45057200A5B9BC /* PBXTargetDependency */ = {
			isa = PBXTargetDependency;
			target = 71D8E6641A45057200A5B9BC /* alldayDOKit */;
			targetProxy = 71D8E6711A45057200A5B9BC /* PBXContainerItemProxy */;
		};
		71D8E6741A45057200A5B9BC /* PBXTargetDependency */ = {
			isa = PBXTargetDependency;
			target = 71D28AFD19294F970047F291 /* alldayDO */;
			targetProxy = 71D8E6731A45057200A5B9BC /* PBXContainerItemProxy */;
		};
/* End PBXTargetDependency section */

/* Begin PBXVariantGroup section */
		71ABE85D19BA7C4800161DE3 /* Localizable.strings */ = {
			isa = PBXVariantGroup;
			children = (
				71ABE85E19BA7C5000161DE3 /* pt */,
				71ABE85F19BA7C5700161DE3 /* en */,
			);
			name = Localizable.strings;
			sourceTree = "<group>";
		};
/* End PBXVariantGroup section */

/* Begin XCBuildConfiguration section */
		70F106091A9E9EB00042EBD5 /* Debug */ = {
			isa = XCBuildConfiguration;
			buildSettings = {
				CLANG_WARN_UNREACHABLE_CODE = YES;
				CODE_SIGN_ENTITLEMENTS = alldayDOToday/alldayDOToday.entitlements;
				CODE_SIGN_IDENTITY = "iPhone Developer";
				"CODE_SIGN_IDENTITY[sdk=iphoneos*]" = "iPhone Developer";
				ENABLE_STRICT_OBJC_MSGSEND = YES;
				GCC_PREPROCESSOR_DEFINITIONS = (
					"DEBUG=1",
					"$(inherited)",
				);
				INFOPLIST_FILE = alldayDOToday/Info.plist;
				LD_RUNPATH_SEARCH_PATHS = "$(inherited) @executable_path/Frameworks @executable_path/../../Frameworks";
				PRODUCT_NAME = "$(TARGET_NAME)";
				PROVISIONING_PROFILE = "";
				SKIP_INSTALL = YES;
				SWIFT_OPTIMIZATION_LEVEL = "-Onone";
				TARGETED_DEVICE_FAMILY = 1;
			};
			name = Debug;
		};
		70F1060A1A9E9EB00042EBD5 /* Release */ = {
			isa = XCBuildConfiguration;
			buildSettings = {
				CLANG_WARN_UNREACHABLE_CODE = YES;
				CODE_SIGN_ENTITLEMENTS = alldayDOToday/alldayDOToday.entitlements;
				CODE_SIGN_IDENTITY = "iPhone Developer";
				"CODE_SIGN_IDENTITY[sdk=iphoneos*]" = "iPhone Developer";
				ENABLE_STRICT_OBJC_MSGSEND = YES;
				INFOPLIST_FILE = alldayDOToday/Info.plist;
				LD_RUNPATH_SEARCH_PATHS = "$(inherited) @executable_path/Frameworks @executable_path/../../Frameworks";
				PRODUCT_NAME = "$(TARGET_NAME)";
				PROVISIONING_PROFILE = "";
				SKIP_INSTALL = YES;
				TARGETED_DEVICE_FAMILY = 1;
			};
			name = Release;
		};
		71D28B2E19294F980047F291 /* Debug */ = {
			isa = XCBuildConfiguration;
			buildSettings = {
				ALWAYS_SEARCH_USER_PATHS = NO;
				CLANG_CXX_LANGUAGE_STANDARD = "gnu++0x";
				CLANG_CXX_LIBRARY = "libc++";
				CLANG_ENABLE_MODULES = YES;
				CLANG_ENABLE_OBJC_ARC = YES;
				CLANG_WARN_BOOL_CONVERSION = YES;
				CLANG_WARN_CONSTANT_CONVERSION = YES;
				CLANG_WARN_DIRECT_OBJC_ISA_USAGE = YES_ERROR;
				CLANG_WARN_EMPTY_BODY = YES;
				CLANG_WARN_ENUM_CONVERSION = YES;
				CLANG_WARN_INT_CONVERSION = YES;
				CLANG_WARN_OBJC_ROOT_CLASS = YES_ERROR;
				CLANG_WARN__DUPLICATE_METHOD_MATCH = YES;
				CODE_SIGN_IDENTITY = "Apple Development IOS Push Services: mobi.fabionogueira.alldayDO";
				"CODE_SIGN_IDENTITY[sdk=iphoneos*]" = "iPhone Developer";
				COPY_PHASE_STRIP = NO;
				GCC_C_LANGUAGE_STANDARD = gnu99;
				GCC_DYNAMIC_NO_PIC = NO;
				GCC_OPTIMIZATION_LEVEL = 0;
				GCC_PREPROCESSOR_DEFINITIONS = (
					"DEBUG=1",
					"$(inherited)",
				);
				GCC_SYMBOLS_PRIVATE_EXTERN = NO;
				GCC_WARN_64_TO_32_BIT_CONVERSION = YES;
				GCC_WARN_ABOUT_RETURN_TYPE = YES_ERROR;
				GCC_WARN_UNDECLARED_SELECTOR = YES;
				GCC_WARN_UNINITIALIZED_AUTOS = YES_AGGRESSIVE;
				GCC_WARN_UNUSED_FUNCTION = YES;
				GCC_WARN_UNUSED_VARIABLE = YES;
				IPHONEOS_DEPLOYMENT_TARGET = 8.1;
				ONLY_ACTIVE_ARCH = YES;
				SDKROOT = iphoneos;
			};
			name = Debug;
		};
		71D28B2F19294F980047F291 /* Release */ = {
			isa = XCBuildConfiguration;
			buildSettings = {
				ALWAYS_SEARCH_USER_PATHS = NO;
				CLANG_CXX_LANGUAGE_STANDARD = "gnu++0x";
				CLANG_CXX_LIBRARY = "libc++";
				CLANG_ENABLE_MODULES = YES;
				CLANG_ENABLE_OBJC_ARC = YES;
				CLANG_WARN_BOOL_CONVERSION = YES;
				CLANG_WARN_CONSTANT_CONVERSION = YES;
				CLANG_WARN_DIRECT_OBJC_ISA_USAGE = YES_ERROR;
				CLANG_WARN_EMPTY_BODY = YES;
				CLANG_WARN_ENUM_CONVERSION = YES;
				CLANG_WARN_INT_CONVERSION = YES;
				CLANG_WARN_OBJC_ROOT_CLASS = YES_ERROR;
				CLANG_WARN__DUPLICATE_METHOD_MATCH = YES;
				CODE_SIGN_IDENTITY = "Apple Production IOS Push Services: mobi.fabionogueira.alldayDO";
				"CODE_SIGN_IDENTITY[sdk=iphoneos*]" = "iPhone Developer";
				COPY_PHASE_STRIP = YES;
				ENABLE_NS_ASSERTIONS = NO;
				GCC_C_LANGUAGE_STANDARD = gnu99;
				GCC_WARN_64_TO_32_BIT_CONVERSION = YES;
				GCC_WARN_ABOUT_RETURN_TYPE = YES_ERROR;
				GCC_WARN_UNDECLARED_SELECTOR = YES;
				GCC_WARN_UNINITIALIZED_AUTOS = YES_AGGRESSIVE;
				GCC_WARN_UNUSED_FUNCTION = YES;
				GCC_WARN_UNUSED_VARIABLE = YES;
				IPHONEOS_DEPLOYMENT_TARGET = 8.1;
				SDKROOT = iphoneos;
				VALIDATE_PRODUCT = YES;
			};
			name = Release;
		};
		71D28B3119294F980047F291 /* Debug */ = {
			isa = XCBuildConfiguration;
			baseConfigurationReference = F0B6814DDCACB0F14E9DC045 /* Pods.debug.xcconfig */;
			buildSettings = {
				ASSETCATALOG_COMPILER_APPICON_NAME = AppIcon;
				ASSETCATALOG_COMPILER_LAUNCHIMAGE_NAME = LaunchImage;
				CLANG_ENABLE_MODULES = YES;
				CODE_SIGN_ENTITLEMENTS = alldayDO/alldayDO.entitlements;
				CODE_SIGN_IDENTITY = "iPhone Developer";
				"CODE_SIGN_IDENTITY[sdk=iphoneos*]" = "iPhone Developer";
				EMBEDDED_CONTENT_CONTAINS_SWIFT = YES;
				FRAMEWORK_SEARCH_PATHS = (
					"$(inherited)",
					"$(PROJECT_DIR)",
				);
				GCC_PRECOMPILE_PREFIX_HEADER = YES;
				GCC_PREFIX_HEADER = "alldayDO/alldayDO-Prefix.pch";
				INFOPLIST_FILE = "alldayDO/alldayDO-Info.plist";
				IPHONEOS_DEPLOYMENT_TARGET = 8.1;
				LD_RUNPATH_SEARCH_PATHS = "$(inherited) @executable_path/Frameworks";
				PRODUCT_NAME = alldayDO;
				PROVISIONING_PROFILE = "";
				SWIFT_OBJC_BRIDGING_HEADER = "alldayDO/code/others/alldayDO-Bridging-Header.h";
				SWIFT_OPTIMIZATION_LEVEL = "-Onone";
				VALID_ARCHS = "arm64 armv7 armv7s i368 x86_64";
				WRAPPER_EXTENSION = app;
			};
			name = Debug;
		};
		71D28B3219294F980047F291 /* Release */ = {
			isa = XCBuildConfiguration;
			baseConfigurationReference = 7A886D478D3C0BAC779D5179 /* Pods.release.xcconfig */;
			buildSettings = {
				ASSETCATALOG_COMPILER_APPICON_NAME = AppIcon;
				ASSETCATALOG_COMPILER_LAUNCHIMAGE_NAME = LaunchImage;
				CLANG_ENABLE_MODULES = YES;
				CODE_SIGN_ENTITLEMENTS = alldayDO/alldayDO.entitlements;
				CODE_SIGN_IDENTITY = "iPhone Developer";
				"CODE_SIGN_IDENTITY[sdk=iphoneos*]" = "iPhone Developer";
				EMBEDDED_CONTENT_CONTAINS_SWIFT = YES;
				FRAMEWORK_SEARCH_PATHS = (
					"$(inherited)",
					"$(PROJECT_DIR)",
				);
				GCC_PRECOMPILE_PREFIX_HEADER = YES;
				GCC_PREFIX_HEADER = "alldayDO/alldayDO-Prefix.pch";
				INFOPLIST_FILE = "alldayDO/alldayDO-Info.plist";
				IPHONEOS_DEPLOYMENT_TARGET = 8.1;
				LD_RUNPATH_SEARCH_PATHS = "$(inherited) @executable_path/Frameworks";
				PRODUCT_NAME = alldayDO;
				PROVISIONING_PROFILE = "";
				SWIFT_OBJC_BRIDGING_HEADER = "alldayDO/code/others/alldayDO-Bridging-Header.h";
				VALID_ARCHS = "arm64 armv7 armv7s i368 x86_64";
				WRAPPER_EXTENSION = app;
			};
			name = Release;
		};
		71D8E67F1A45057200A5B9BC /* Debug */ = {
			isa = XCBuildConfiguration;
			buildSettings = {
				APPLICATION_EXTENSION_API_ONLY = YES;
				CLANG_ENABLE_MODULES = YES;
				CLANG_WARN_UNREACHABLE_CODE = YES;
				CODE_SIGN_IDENTITY = "iPhone Developer";
				CURRENT_PROJECT_VERSION = 1;
				DEFINES_MODULE = YES;
				DYLIB_COMPATIBILITY_VERSION = 1;
				DYLIB_CURRENT_VERSION = 1;
				DYLIB_INSTALL_NAME_BASE = "@rpath";
				ENABLE_STRICT_OBJC_MSGSEND = YES;
				GCC_PREPROCESSOR_DEFINITIONS = (
					"DEBUG=1",
					"$(inherited)",
				);
				INFOPLIST_FILE = alldayDOKit/Info.plist;
				INSTALL_PATH = "$(LOCAL_LIBRARY_DIR)/Frameworks";
				LD_RUNPATH_SEARCH_PATHS = "$(inherited) @executable_path/Frameworks @loader_path/Frameworks";
				MTL_ENABLE_DEBUG_INFO = YES;
				ONLY_ACTIVE_ARCH = YES;
				PRODUCT_NAME = alldayDOKit;
				SKIP_INSTALL = YES;
				SWIFT_OPTIMIZATION_LEVEL = "-Onone";
				TARGETED_DEVICE_FAMILY = "1,2";
				VALID_ARCHS = "arm64 armv7 armv7s x86-64 i368";
				VERSIONING_SYSTEM = "apple-generic";
				VERSION_INFO_PREFIX = "";
			};
			name = Debug;
		};
		71D8E6801A45057200A5B9BC /* Release */ = {
			isa = XCBuildConfiguration;
			buildSettings = {
				APPLICATION_EXTENSION_API_ONLY = YES;
				CLANG_ENABLE_MODULES = YES;
				CLANG_WARN_UNREACHABLE_CODE = YES;
				CODE_SIGN_IDENTITY = "iPhone Developer";
				CURRENT_PROJECT_VERSION = 1;
				DEFINES_MODULE = YES;
				DYLIB_COMPATIBILITY_VERSION = 1;
				DYLIB_CURRENT_VERSION = 1;
				DYLIB_INSTALL_NAME_BASE = "@rpath";
				ENABLE_STRICT_OBJC_MSGSEND = YES;
				INFOPLIST_FILE = alldayDOKit/Info.plist;
				INSTALL_PATH = "$(LOCAL_LIBRARY_DIR)/Frameworks";
				LD_RUNPATH_SEARCH_PATHS = "$(inherited) @executable_path/Frameworks @loader_path/Frameworks";
				MTL_ENABLE_DEBUG_INFO = NO;
				ONLY_ACTIVE_ARCH = NO;
				PRODUCT_NAME = alldayDOKit;
				SKIP_INSTALL = YES;
				TARGETED_DEVICE_FAMILY = "1,2";
				VALID_ARCHS = "arm64 armv7 armv7s x86-64 i368";
				VERSIONING_SYSTEM = "apple-generic";
				VERSION_INFO_PREFIX = "";
			};
			name = Release;
		};
		71D8E6821A45057200A5B9BC /* Debug */ = {
			isa = XCBuildConfiguration;
			buildSettings = {
				CLANG_WARN_UNREACHABLE_CODE = YES;
				ENABLE_STRICT_OBJC_MSGSEND = YES;
				FRAMEWORK_SEARCH_PATHS = (
					"$(SDKROOT)/Developer/Library/Frameworks",
					"$(inherited)",
				);
				GCC_PREPROCESSOR_DEFINITIONS = (
					"DEBUG=1",
					"$(inherited)",
				);
				INFOPLIST_FILE = alldayDOKitTests/Info.plist;
				LD_RUNPATH_SEARCH_PATHS = "$(inherited) @executable_path/Frameworks @loader_path/Frameworks";
				MTL_ENABLE_DEBUG_INFO = YES;
				ONLY_ACTIVE_ARCH = YES;
				PRODUCT_NAME = alldayDOKitTests;
				TEST_HOST = "$(BUILT_PRODUCTS_DIR)/alldayDO.app/alldayDO";
			};
			name = Debug;
		};
		71D8E6831A45057200A5B9BC /* Release */ = {
			isa = XCBuildConfiguration;
			buildSettings = {
				CLANG_WARN_UNREACHABLE_CODE = YES;
				ENABLE_STRICT_OBJC_MSGSEND = YES;
				FRAMEWORK_SEARCH_PATHS = (
					"$(SDKROOT)/Developer/Library/Frameworks",
					"$(inherited)",
				);
				INFOPLIST_FILE = alldayDOKitTests/Info.plist;
				LD_RUNPATH_SEARCH_PATHS = "$(inherited) @executable_path/Frameworks @loader_path/Frameworks";
				MTL_ENABLE_DEBUG_INFO = NO;
				PRODUCT_NAME = alldayDOKitTests;
				TEST_HOST = "$(BUILT_PRODUCTS_DIR)/alldayDO.app/alldayDO";
			};
			name = Release;
		};
/* End XCBuildConfiguration section */

/* Begin XCConfigurationList section */
		70F106081A9E9EB00042EBD5 /* Build configuration list for PBXNativeTarget "alldayDOToday" */ = {
			isa = XCConfigurationList;
			buildConfigurations = (
				70F106091A9E9EB00042EBD5 /* Debug */,
				70F1060A1A9E9EB00042EBD5 /* Release */,
			);
			defaultConfigurationIsVisible = 0;
			defaultConfigurationName = Release;
		};
		71D28AF919294F970047F291 /* Build configuration list for PBXProject "alldayDO" */ = {
			isa = XCConfigurationList;
			buildConfigurations = (
				71D28B2E19294F980047F291 /* Debug */,
				71D28B2F19294F980047F291 /* Release */,
			);
			defaultConfigurationIsVisible = 0;
			defaultConfigurationName = Release;
		};
		71D28B3019294F980047F291 /* Build configuration list for PBXNativeTarget "alldayDO" */ = {
			isa = XCConfigurationList;
			buildConfigurations = (
				71D28B3119294F980047F291 /* Debug */,
				71D28B3219294F980047F291 /* Release */,
			);
			defaultConfigurationIsVisible = 0;
			defaultConfigurationName = Release;
		};
		71D8E67E1A45057200A5B9BC /* Build configuration list for PBXNativeTarget "alldayDOKit" */ = {
			isa = XCConfigurationList;
			buildConfigurations = (
				71D8E67F1A45057200A5B9BC /* Debug */,
				71D8E6801A45057200A5B9BC /* Release */,
			);
			defaultConfigurationIsVisible = 0;
			defaultConfigurationName = Release;
		};
		71D8E6811A45057200A5B9BC /* Build configuration list for PBXNativeTarget "alldayDOKitTests" */ = {
			isa = XCConfigurationList;
			buildConfigurations = (
				71D8E6821A45057200A5B9BC /* Debug */,
				71D8E6831A45057200A5B9BC /* Release */,
			);
			defaultConfigurationIsVisible = 0;
			defaultConfigurationName = Release;
		};
/* End XCConfigurationList section */

/* Begin XCVersionGroup section */
		71D28B1519294F970047F291 /* alldayDO.xcdatamodeld */ = {
			isa = XCVersionGroup;
			children = (
				7004620F1AA23C41009EB035 /* alldayDO 2.xcdatamodel */,
				71D28B1619294F970047F291 /* alldayDO.xcdatamodel */,
			);
			currentVersion = 7004620F1AA23C41009EB035 /* alldayDO 2.xcdatamodel */;
			name = alldayDO.xcdatamodeld;
			path = ../../alldayDO.xcdatamodeld;
			sourceTree = "<group>";
			versionGroupType = wrapper.xcdatamodel;
		};
/* End XCVersionGroup section */
	};
	rootObject = 71D28AF619294F970047F291 /* Project object */;
}
